<?xml version="1.0" encoding="utf-8"?>
<Project ToolsVersion="17.0" xmlns="http://schemas.microsoft.com/developer/msbuild/2003">
  <ItemGroup>
    <CustomBuild Include="K:\develop\salamandr.dev\Urcho_rbfx\REditor\CMakeFiles\dd0fbe16b32492a150f35fc21b1299a6\INSTALL_force.rule">
      <Filter>CMake Rules</Filter>
    </CustomBuild>
  </ItemGroup>
  <ItemGroup>
    <Filter Include="CMake Rules">
      <UniqueIdentifier>{180A9B75-19CA-336F-8523-FEDD3241A523}</UniqueIdentifier>
    </Filter>
  </ItemGroup>
</Project>
