
Microsoft Visual Studio Solution File, Format Version 12.00
# Visual Studio Version 17
Project("{2150E333-8FDC-42A3-9474-1A3956D46DE8}") = "CMakePredefinedTargets", "CMakePredefinedTargets", "{46EE04EE-26FB-34FB-9675-CE7604489142}"
EndProject
Project("{2150E333-8FDC-42A3-9474-1A3956D46DE8}") = "Sample Projects", "Sample Projects", "{DCC838B2-A008-3711-9B1F-A046F38CD59E}"
EndProject
Project("{2150E333-8FDC-42A3-9474-1A3956D46DE8}") = "ThirdParty", "ThirdParty", "{D7821CDB-9AB0-364F-BF2C-4B6DC812BE28}"
EndProject
Project("{2150E333-8FDC-42A3-9474-1A3956D46DE8}") = "embree", "ThirdParty\embree", "{25407538-6C28-3A08-96A3-7DC21BA67EDA}"
EndProject
Project("{2150E333-8FDC-42A3-9474-1A3956D46DE8}") = "Tools", "Tools", "{6BC17B5A-12CE-3596-B469-77A84B103495}"
EndProject
Project("{2150E333-8FDC-42A3-9474-1A3956D46DE8}") = "glslang", "glslang", "{393F65AF-F886-3868-8365-2A83529BBF33}"
EndProject
Project("{8BC9CEB8-8B4A-11D0-8D11-00A0C91BC942}") = "ALL_BUILD", "ALL_BUILD.vcxproj", "{83B1F146-6D03-3C9C-B053-08E1C2734CC5}"
	ProjectSection(ProjectDependencies) = postProject
		{5F4E1FB8-E115-30F6-BCB0-78EA3AFD8D0E} = {5F4E1FB8-E115-30F6-BCB0-78EA3AFD8D0E}
		{8DC26617-2C85-386F-A94A-868E180B6E6F} = {8DC26617-2C85-386F-A94A-868E180B6E6F}
		{5C00B718-E9ED-3E88-930F-0DDB0C10BF89} = {5C00B718-E9ED-3E88-930F-0DDB0C10BF89}
		{ACCCB4F0-A923-3E59-9096-7AEF5C218F55} = {ACCCB4F0-A923-3E59-9096-7AEF5C218F55}
		{46D3C5DF-46BB-3025-9268-C746230FD57F} = {46D3C5DF-46BB-3025-9268-C746230FD57F}
		{134A972E-4DF8-3BA6-B4D7-652290020EAE} = {134A972E-4DF8-3BA6-B4D7-652290020EAE}
		{81BEA5A7-B10C-3F94-8953-2006BA5E449D} = {81BEA5A7-B10C-3F94-8953-2006BA5E449D}
		{04171F59-9A71-3C93-A71C-1D66A9B05A0C} = {04171F59-9A71-3C93-A71C-1D66A9B05A0C}
		{8670ACF6-8F08-33EA-B91D-507A78CBDB36} = {8670ACF6-8F08-33EA-B91D-507A78CBDB36}
		{142CA677-1158-3255-B5F1-EB803C928EA8} = {142CA677-1158-3255-B5F1-EB803C928EA8}
		{4B9118D4-2215-3700-947F-44C25A1E3F88} = {4B9118D4-2215-3700-947F-44C25A1E3F88}
		{DA2524FC-D9DB-3CA4-B018-78FF33BAC7F1} = {DA2524FC-D9DB-3CA4-B018-78FF33BAC7F1}
		{8C81285C-74FF-357A-BCD3-C693E4BE2645} = {8C81285C-74FF-357A-BCD3-C693E4BE2645}
		{4679A5AE-591E-330B-A20B-7DD4E75A779F} = {4679A5AE-591E-330B-A20B-7DD4E75A779F}
		{68F16012-A2E2-3F51-BF94-E042589290E8} = {68F16012-A2E2-3F51-BF94-E042589290E8}
		{3E71577B-BC39-39BB-A745-124F925C5452} = {3E71577B-BC39-39BB-A745-124F925C5452}
		{33A5ED17-51C6-300C-A685-6135D2840512} = {33A5ED17-51C6-300C-A685-6135D2840512}
		{A5DD2675-B402-3B71-BDE3-7F4B0C17C845} = {A5DD2675-B402-3B71-BDE3-7F4B0C17C845}
		{15F98999-601D-3D38-B176-33F64370A16C} = {15F98999-601D-3D38-B176-33F64370A16C}
		{578C7613-92EF-3981-8117-9BF5C8581CEF} = {578C7613-92EF-3981-8117-9BF5C8581CEF}
		{14128943-4B29-31D7-BF1C-EB88E503012C} = {14128943-4B29-31D7-BF1C-EB88E503012C}
		{71416E4E-954E-3372-BD74-BACFFA291093} = {71416E4E-954E-3372-BD74-BACFFA291093}
		{DE23D058-F223-3548-AA98-B88B9DAC3E16} = {DE23D058-F223-3548-AA98-B88B9DAC3E16}
		{CDE5A8A0-0106-30CC-B9DF-F044F6980998} = {CDE5A8A0-0106-30CC-B9DF-F044F6980998}
		{FC3BDFFE-A773-346E-9565-64F47F067B9A} = {FC3BDFFE-A773-346E-9565-64F47F067B9A}
		{D878F8D2-A32E-38B2-8E3B-4EF39BA6F0D1} = {D878F8D2-A32E-38B2-8E3B-4EF39BA6F0D1}
		{8CA266C8-31DF-3530-9BBE-DDE287E8AAFA} = {8CA266C8-31DF-3530-9BBE-DDE287E8AAFA}
		{624852B1-4356-3489-9779-A3E853B7FF19} = {624852B1-4356-3489-9779-A3E853B7FF19}
		{AD223C3A-26AB-38BA-A875-57834A9D7249} = {AD223C3A-26AB-38BA-A875-57834A9D7249}
		{3934BD1C-D455-3058-BDF3-8418101D8E83} = {3934BD1C-D455-3058-BDF3-8418101D8E83}
		{B00A0AF3-CA35-3772-AE64-E9236C3D6B74} = {B00A0AF3-CA35-3772-AE64-E9236C3D6B74}
		{56B84C38-A259-334A-9488-AAB4F94F0313} = {56B84C38-A259-334A-9488-AAB4F94F0313}
		{940AA3F5-A7DA-3B3C-9E75-8E2ABD23346A} = {940AA3F5-A7DA-3B3C-9E75-8E2ABD23346A}
		{29857AFC-699A-35D8-87FF-FB2A043693FD} = {29857AFC-699A-35D8-87FF-FB2A043693FD}
		{E0D94EE6-2AE0-3130-99B4-9164AFA7A5B8} = {E0D94EE6-2AE0-3130-99B4-9164AFA7A5B8}
		{218FEBDE-85A5-31A9-A2EE-7DFFDF9A051B} = {218FEBDE-85A5-31A9-A2EE-7DFFDF9A051B}
		{5918A170-93B7-3FFF-BC11-D70BC192E913} = {5918A170-93B7-3FFF-BC11-D70BC192E913}
		{8754D7BB-B716-32EC-A4AB-8A3F66F1A9DD} = {8754D7BB-B716-32EC-A4AB-8A3F66F1A9DD}
		{1FA77D53-A66B-322F-B82C-3F65BBA22DF9} = {1FA77D53-A66B-322F-B82C-3F65BBA22DF9}
		{5365AC13-434A-3FD1-AF2E-5CD02BC0989E} = {5365AC13-434A-3FD1-AF2E-5CD02BC0989E}
		{1542AD5D-C0C3-3329-AA96-B4ED5E2F1203} = {1542AD5D-C0C3-3329-AA96-B4ED5E2F1203}
		{6144A86C-93F6-3343-B718-A4789B01D235} = {6144A86C-93F6-3343-B718-A4789B01D235}
		{CD744C17-1312-38A8-BC68-9375DF5608CE} = {CD744C17-1312-38A8-BC68-9375DF5608CE}
		{AD10F7B1-8E65-31A7-BA0A-90DCD7F211BF} = {AD10F7B1-8E65-31A7-BA0A-90DCD7F211BF}
		{D6CDA697-F3FB-390B-BD78-C0986894CA6E} = {D6CDA697-F3FB-390B-BD78-C0986894CA6E}
		{352EBFBA-3810-3082-9BD5-60B873A04090} = {352EBFBA-3810-3082-9BD5-60B873A04090}
		{1AB362CE-2BD6-3C57-9577-FCA42936BB7F} = {1AB362CE-2BD6-3C57-9577-FCA42936BB7F}
		{CF89308A-54D2-37E5-8AC5-03FB5EDBBFB6} = {CF89308A-54D2-37E5-8AC5-03FB5EDBBFB6}
		{C75592A5-5C9C-375C-84D9-7655C1A33AB9} = {C75592A5-5C9C-375C-84D9-7655C1A33AB9}
		{EA6EDB80-549A-3CB7-A16A-532C4215271A} = {EA6EDB80-549A-3CB7-A16A-532C4215271A}
		{9A9229C0-ED74-3232-9708-A2CC4C0C9151} = {9A9229C0-ED74-3232-9708-A2CC4C0C9151}
		{83A9977B-F99D-3699-9932-8A3DCC0AC073} = {83A9977B-F99D-3699-9932-8A3DCC0AC073}
		{292FF87F-EFCB-3EBB-B499-A3540645DE02} = {292FF87F-EFCB-3EBB-B499-A3540645DE02}
		{B48D6497-01C0-3ED1-9C3B-9B24D11AF21D} = {B48D6497-01C0-3ED1-9C3B-9B24D11AF21D}
		{A4BEBCDB-07D0-3993-BC23-854E26CB2A0F} = {A4BEBCDB-07D0-3993-BC23-854E26CB2A0F}
		{53CC9C8A-7CDE-3A20-B3CC-CCDD0F134B73} = {53CC9C8A-7CDE-3A20-B3CC-CCDD0F134B73}
		{9211059A-7B7D-37E6-AE9D-B20CE4B47976} = {9211059A-7B7D-37E6-AE9D-B20CE4B47976}
		{EB50C2AC-AFF0-31FF-88D9-BA514021A6D2} = {EB50C2AC-AFF0-31FF-88D9-BA514021A6D2}
		{C3BDAF46-27C2-38D7-80E2-0ACE1AE9520A} = {C3BDAF46-27C2-38D7-80E2-0ACE1AE9520A}
		{EE75417E-DD99-3162-B3E0-DE8F858C2EC6} = {EE75417E-DD99-3162-B3E0-DE8F858C2EC6}
		{D2B2937A-A37D-3D6B-922C-8A72FADB515A} = {D2B2937A-A37D-3D6B-922C-8A72FADB515A}
		{E22450ED-A9CF-39BF-89DE-6A28B02423E5} = {E22450ED-A9CF-39BF-89DE-6A28B02423E5}
		{4629FA8A-F5A7-320D-B845-AC839C8807A5} = {4629FA8A-F5A7-320D-B845-AC839C8807A5}
		{87027D36-AB9D-32B2-98B7-3770B8D72187} = {87027D36-AB9D-32B2-98B7-3770B8D72187}
		{6E435477-EEF7-3ED9-96A3-DC6DAB9851AC} = {6E435477-EEF7-3ED9-96A3-DC6DAB9851AC}
		{1C9C99A0-12A7-3621-8311-91072DBD8BB0} = {1C9C99A0-12A7-3621-8311-91072DBD8BB0}
		{59C06D00-1316-3C1A-9294-749502A093B3} = {59C06D00-1316-3C1A-9294-749502A093B3}
		{BF63F64F-2910-3EA9-9423-519A27EDCE38} = {BF63F64F-2910-3EA9-9423-519A27EDCE38}
		{757BCE44-78C0-39CA-83C4-3C1359A669F4} = {757BCE44-78C0-39CA-83C4-3C1359A669F4}
		{986F5939-7FF7-3723-9515-02A93844C197} = {986F5939-7FF7-3723-9515-02A93844C197}
	EndProjectSection
EndProject
Project("{8BC9CEB8-8B4A-11D0-8D11-00A0C91BC942}") = "103_GamePlugin", "rbfx\Source\Samples\103_GamePlugin\103_GamePlugin.vcxproj", "{5F4E1FB8-E115-30F6-BCB0-78EA3AFD8D0E}"
	ProjectSection(ProjectDependencies) = postProject
		{134A972E-4DF8-3BA6-B4D7-652290020EAE} = {134A972E-4DF8-3BA6-B4D7-652290020EAE}
		{1FA77D53-A66B-322F-B82C-3F65BBA22DF9} = {1FA77D53-A66B-322F-B82C-3F65BBA22DF9}
		{6144A86C-93F6-3343-B718-A4789B01D235} = {6144A86C-93F6-3343-B718-A4789B01D235}
		{D6CDA697-F3FB-390B-BD78-C0986894CA6E} = {D6CDA697-F3FB-390B-BD78-C0986894CA6E}
		{B48D6497-01C0-3ED1-9C3B-9B24D11AF21D} = {B48D6497-01C0-3ED1-9C3B-9B24D11AF21D}
		{A4BEBCDB-07D0-3993-BC23-854E26CB2A0F} = {A4BEBCDB-07D0-3993-BC23-854E26CB2A0F}
		{9211059A-7B7D-37E6-AE9D-B20CE4B47976} = {9211059A-7B7D-37E6-AE9D-B20CE4B47976}
		{EE75417E-DD99-3162-B3E0-DE8F858C2EC6} = {EE75417E-DD99-3162-B3E0-DE8F858C2EC6}
		{E22450ED-A9CF-39BF-89DE-6A28B02423E5} = {E22450ED-A9CF-39BF-89DE-6A28B02423E5}
		{59C06D00-1316-3C1A-9294-749502A093B3} = {59C06D00-1316-3C1A-9294-749502A093B3}
		{BF63F64F-2910-3EA9-9423-519A27EDCE38} = {BF63F64F-2910-3EA9-9423-519A27EDCE38}
	EndProjectSection
EndProject
Project("{8BC9CEB8-8B4A-11D0-8D11-00A0C91BC942}") = "AssetImporter", "rbfx\Source\Tools\AssetImporter\AssetImporter.vcxproj", "{8DC26617-2C85-386F-A94A-868E180B6E6F}"
	ProjectSection(ProjectDependencies) = postProject
		{ACCCB4F0-A923-3E59-9096-7AEF5C218F55} = {ACCCB4F0-A923-3E59-9096-7AEF5C218F55}
		{134A972E-4DF8-3BA6-B4D7-652290020EAE} = {134A972E-4DF8-3BA6-B4D7-652290020EAE}
		{1FA77D53-A66B-322F-B82C-3F65BBA22DF9} = {1FA77D53-A66B-322F-B82C-3F65BBA22DF9}
		{6144A86C-93F6-3343-B718-A4789B01D235} = {6144A86C-93F6-3343-B718-A4789B01D235}
		{D6CDA697-F3FB-390B-BD78-C0986894CA6E} = {D6CDA697-F3FB-390B-BD78-C0986894CA6E}
		{B48D6497-01C0-3ED1-9C3B-9B24D11AF21D} = {B48D6497-01C0-3ED1-9C3B-9B24D11AF21D}
		{A4BEBCDB-07D0-3993-BC23-854E26CB2A0F} = {A4BEBCDB-07D0-3993-BC23-854E26CB2A0F}
		{9211059A-7B7D-37E6-AE9D-B20CE4B47976} = {9211059A-7B7D-37E6-AE9D-B20CE4B47976}
		{EE75417E-DD99-3162-B3E0-DE8F858C2EC6} = {EE75417E-DD99-3162-B3E0-DE8F858C2EC6}
		{E22450ED-A9CF-39BF-89DE-6A28B02423E5} = {E22450ED-A9CF-39BF-89DE-6A28B02423E5}
		{59C06D00-1316-3C1A-9294-749502A093B3} = {59C06D00-1316-3C1A-9294-749502A093B3}
		{BF63F64F-2910-3EA9-9423-519A27EDCE38} = {BF63F64F-2910-3EA9-9423-519A27EDCE38}
	EndProjectSection
EndProject
Project("{8BC9CEB8-8B4A-11D0-8D11-00A0C91BC942}") = "AssetViewer", "rbfx\Source\Tools\AssetViewer\AssetViewer.vcxproj", "{5C00B718-E9ED-3E88-930F-0DDB0C10BF89}"
	ProjectSection(ProjectDependencies) = postProject
		{8DC26617-2C85-386F-A94A-868E180B6E6F} = {8DC26617-2C85-386F-A94A-868E180B6E6F}
		{134A972E-4DF8-3BA6-B4D7-652290020EAE} = {134A972E-4DF8-3BA6-B4D7-652290020EAE}
		{8754D7BB-B716-32EC-A4AB-8A3F66F1A9DD} = {8754D7BB-B716-32EC-A4AB-8A3F66F1A9DD}
		{1FA77D53-A66B-322F-B82C-3F65BBA22DF9} = {1FA77D53-A66B-322F-B82C-3F65BBA22DF9}
		{6144A86C-93F6-3343-B718-A4789B01D235} = {6144A86C-93F6-3343-B718-A4789B01D235}
		{D6CDA697-F3FB-390B-BD78-C0986894CA6E} = {D6CDA697-F3FB-390B-BD78-C0986894CA6E}
		{B48D6497-01C0-3ED1-9C3B-9B24D11AF21D} = {B48D6497-01C0-3ED1-9C3B-9B24D11AF21D}
		{A4BEBCDB-07D0-3993-BC23-854E26CB2A0F} = {A4BEBCDB-07D0-3993-BC23-854E26CB2A0F}
		{9211059A-7B7D-37E6-AE9D-B20CE4B47976} = {9211059A-7B7D-37E6-AE9D-B20CE4B47976}
		{EE75417E-DD99-3162-B3E0-DE8F858C2EC6} = {EE75417E-DD99-3162-B3E0-DE8F858C2EC6}
		{E22450ED-A9CF-39BF-89DE-6A28B02423E5} = {E22450ED-A9CF-39BF-89DE-6A28B02423E5}
		{59C06D00-1316-3C1A-9294-749502A093B3} = {59C06D00-1316-3C1A-9294-749502A093B3}
		{BF63F64F-2910-3EA9-9423-519A27EDCE38} = {BF63F64F-2910-3EA9-9423-519A27EDCE38}
	EndProjectSection
EndProject
Project("{8BC9CEB8-8B4A-11D0-8D11-00A0C91BC942}") = "Assimp", "rbfx\Source\ThirdParty\Assimp\code\Assimp.vcxproj", "{ACCCB4F0-A923-3E59-9096-7AEF5C218F55}"
	ProjectSection(ProjectDependencies) = postProject
		{D6CDA697-F3FB-390B-BD78-C0986894CA6E} = {D6CDA697-F3FB-390B-BD78-C0986894CA6E}
	EndProjectSection
EndProject
Project("{8BC9CEB8-8B4A-11D0-8D11-00A0C91BC942}") = "Box2D", "rbfx\Source\ThirdParty\Box2D\Box2D.vcxproj", "{46D3C5DF-46BB-3025-9268-C746230FD57F}"
	ProjectSection(ProjectDependencies) = postProject
		{D6CDA697-F3FB-390B-BD78-C0986894CA6E} = {D6CDA697-F3FB-390B-BD78-C0986894CA6E}
	EndProjectSection
EndProject
Project("{8BC9CEB8-8B4A-11D0-8D11-00A0C91BC942}") = "Bullet", "rbfx\Source\ThirdParty\Bullet\Bullet.vcxproj", "{134A972E-4DF8-3BA6-B4D7-652290020EAE}"
	ProjectSection(ProjectDependencies) = postProject
		{D6CDA697-F3FB-390B-BD78-C0986894CA6E} = {D6CDA697-F3FB-390B-BD78-C0986894CA6E}
	EndProjectSection
EndProject
Project("{8BC9CEB8-8B4A-11D0-8D11-00A0C91BC942}") = "Civetweb", "rbfx\Source\ThirdParty\Civetweb\Civetweb.vcxproj", "{81BEA5A7-B10C-3F94-8953-2006BA5E449D}"
	ProjectSection(ProjectDependencies) = postProject
		{D6CDA697-F3FB-390B-BD78-C0986894CA6E} = {D6CDA697-F3FB-390B-BD78-C0986894CA6E}
	EndProjectSection
EndProject
Project("{8BC9CEB8-8B4A-11D0-8D11-00A0C91BC942}") = "Detour", "rbfx\Source\ThirdParty\Detour\Detour.vcxproj", "{04171F59-9A71-3C93-A71C-1D66A9B05A0C}"
	ProjectSection(ProjectDependencies) = postProject
		{D6CDA697-F3FB-390B-BD78-C0986894CA6E} = {D6CDA697-F3FB-390B-BD78-C0986894CA6E}
	EndProjectSection
EndProject
Project("{8BC9CEB8-8B4A-11D0-8D11-00A0C91BC942}") = "DetourCrowd", "rbfx\Source\ThirdParty\DetourCrowd\DetourCrowd.vcxproj", "{8670ACF6-8F08-33EA-B91D-507A78CBDB36}"
	ProjectSection(ProjectDependencies) = postProject
		{04171F59-9A71-3C93-A71C-1D66A9B05A0C} = {04171F59-9A71-3C93-A71C-1D66A9B05A0C}
		{D6CDA697-F3FB-390B-BD78-C0986894CA6E} = {D6CDA697-F3FB-390B-BD78-C0986894CA6E}
	EndProjectSection
EndProject
Project("{8BC9CEB8-8B4A-11D0-8D11-00A0C91BC942}") = "DetourTileCache", "rbfx\Source\ThirdParty\DetourTileCache\DetourTileCache.vcxproj", "{142CA677-1158-3255-B5F1-EB803C928EA8}"
	ProjectSection(ProjectDependencies) = postProject
		{04171F59-9A71-3C93-A71C-1D66A9B05A0C} = {04171F59-9A71-3C93-A71C-1D66A9B05A0C}
		{D6CDA697-F3FB-390B-BD78-C0986894CA6E} = {D6CDA697-F3FB-390B-BD78-C0986894CA6E}
	EndProjectSection
EndProject
Project("{8BC9CEB8-8B4A-11D0-8D11-00A0C91BC942}") = "EASTL", "rbfx\Source\ThirdParty\EASTL\EASTL.vcxproj", "{4B9118D4-2215-3700-947F-44C25A1E3F88}"
	ProjectSection(ProjectDependencies) = postProject
		{D6CDA697-F3FB-390B-BD78-C0986894CA6E} = {D6CDA697-F3FB-390B-BD78-C0986894CA6E}
	EndProjectSection
EndProject
Project("{8BC9CEB8-8B4A-11D0-8D11-00A0C91BC942}") = "ETCPACK", "rbfx\Source\ThirdParty\ETCPACK\ETCPACK.vcxproj", "{DA2524FC-D9DB-3CA4-B018-78FF33BAC7F1}"
	ProjectSection(ProjectDependencies) = postProject
		{D6CDA697-F3FB-390B-BD78-C0986894CA6E} = {D6CDA697-F3FB-390B-BD78-C0986894CA6E}
	EndProjectSection
EndProject
Project("{8BC9CEB8-8B4A-11D0-8D11-00A0C91BC942}") = "Editor", "rbfx\Source\Tools\Editor\Editor.vcxproj", "{8C81285C-74FF-357A-BCD3-C693E4BE2645}"
	ProjectSection(ProjectDependencies) = postProject
		{134A972E-4DF8-3BA6-B4D7-652290020EAE} = {134A972E-4DF8-3BA6-B4D7-652290020EAE}
		{8754D7BB-B716-32EC-A4AB-8A3F66F1A9DD} = {8754D7BB-B716-32EC-A4AB-8A3F66F1A9DD}
		{1FA77D53-A66B-322F-B82C-3F65BBA22DF9} = {1FA77D53-A66B-322F-B82C-3F65BBA22DF9}
		{5365AC13-434A-3FD1-AF2E-5CD02BC0989E} = {5365AC13-434A-3FD1-AF2E-5CD02BC0989E}
		{6144A86C-93F6-3343-B718-A4789B01D235} = {6144A86C-93F6-3343-B718-A4789B01D235}
		{D6CDA697-F3FB-390B-BD78-C0986894CA6E} = {D6CDA697-F3FB-390B-BD78-C0986894CA6E}
		{1AB362CE-2BD6-3C57-9577-FCA42936BB7F} = {1AB362CE-2BD6-3C57-9577-FCA42936BB7F}
		{B48D6497-01C0-3ED1-9C3B-9B24D11AF21D} = {B48D6497-01C0-3ED1-9C3B-9B24D11AF21D}
		{A4BEBCDB-07D0-3993-BC23-854E26CB2A0F} = {A4BEBCDB-07D0-3993-BC23-854E26CB2A0F}
		{9211059A-7B7D-37E6-AE9D-B20CE4B47976} = {9211059A-7B7D-37E6-AE9D-B20CE4B47976}
		{EE75417E-DD99-3162-B3E0-DE8F858C2EC6} = {EE75417E-DD99-3162-B3E0-DE8F858C2EC6}
		{E22450ED-A9CF-39BF-89DE-6A28B02423E5} = {E22450ED-A9CF-39BF-89DE-6A28B02423E5}
		{59C06D00-1316-3C1A-9294-749502A093B3} = {59C06D00-1316-3C1A-9294-749502A093B3}
		{BF63F64F-2910-3EA9-9423-519A27EDCE38} = {BF63F64F-2910-3EA9-9423-519A27EDCE38}
	EndProjectSection
EndProject
Project("{8BC9CEB8-8B4A-11D0-8D11-00A0C91BC942}") = "FreeType", "rbfx\Source\ThirdParty\FreeType\FreeType.vcxproj", "{4679A5AE-591E-330B-A20B-7DD4E75A779F}"
	ProjectSection(ProjectDependencies) = postProject
		{D6CDA697-F3FB-390B-BD78-C0986894CA6E} = {D6CDA697-F3FB-390B-BD78-C0986894CA6E}
	EndProjectSection
EndProject
Project("{8BC9CEB8-8B4A-11D0-8D11-00A0C91BC942}") = "GLEW", "rbfx\Source\ThirdParty\GLEW\GLEW.vcxproj", "{68F16012-A2E2-3F51-BF94-E042589290E8}"
	ProjectSection(ProjectDependencies) = postProject
		{D6CDA697-F3FB-390B-BD78-C0986894CA6E} = {D6CDA697-F3FB-390B-BD78-C0986894CA6E}
	EndProjectSection
EndProject
Project("{8BC9CEB8-8B4A-11D0-8D11-00A0C91BC942}") = "INSTALL", "INSTALL.vcxproj", "{DDDC31F5-8054-3DF8-81CA-B76223179108}"
	ProjectSection(ProjectDependencies) = postProject
		{83B1F146-6D03-3C9C-B053-08E1C2734CC5} = {83B1F146-6D03-3C9C-B053-08E1C2734CC5}
		{D6CDA697-F3FB-390B-BD78-C0986894CA6E} = {D6CDA697-F3FB-390B-BD78-C0986894CA6E}
	EndProjectSection
EndProject
Project("{8BC9CEB8-8B4A-11D0-8D11-00A0C91BC942}") = "ImGui", "rbfx\Source\ThirdParty\imgui\ImGui.vcxproj", "{3E71577B-BC39-39BB-A745-124F925C5452}"
	ProjectSection(ProjectDependencies) = postProject
		{4B9118D4-2215-3700-947F-44C25A1E3F88} = {4B9118D4-2215-3700-947F-44C25A1E3F88}
		{4679A5AE-591E-330B-A20B-7DD4E75A779F} = {4679A5AE-591E-330B-A20B-7DD4E75A779F}
		{3934BD1C-D455-3058-BDF3-8418101D8E83} = {3934BD1C-D455-3058-BDF3-8418101D8E83}
		{29857AFC-699A-35D8-87FF-FB2A043693FD} = {29857AFC-699A-35D8-87FF-FB2A043693FD}
		{D6CDA697-F3FB-390B-BD78-C0986894CA6E} = {D6CDA697-F3FB-390B-BD78-C0986894CA6E}
	EndProjectSection
EndProject
Project("{8BC9CEB8-8B4A-11D0-8D11-00A0C91BC942}") = "LZ4", "rbfx\Source\ThirdParty\LZ4\LZ4.vcxproj", "{33A5ED17-51C6-300C-A685-6135D2840512}"
	ProjectSection(ProjectDependencies) = postProject
		{D6CDA697-F3FB-390B-BD78-C0986894CA6E} = {D6CDA697-F3FB-390B-BD78-C0986894CA6E}
	EndProjectSection
EndProject
Project("{8BC9CEB8-8B4A-11D0-8D11-00A0C91BC942}") = "LibCpuId", "rbfx\Source\ThirdParty\LibCpuId\LibCpuId.vcxproj", "{A5DD2675-B402-3B71-BDE3-7F4B0C17C845}"
	ProjectSection(ProjectDependencies) = postProject
		{D6CDA697-F3FB-390B-BD78-C0986894CA6E} = {D6CDA697-F3FB-390B-BD78-C0986894CA6E}
	EndProjectSection
EndProject
Project("{8BC9CEB8-8B4A-11D0-8D11-00A0C91BC942}") = "OGLCompiler", "rbfx\Source\ThirdParty\glslang\OGLCompilersDLL\OGLCompiler.vcxproj", "{15F98999-601D-3D38-B176-33F64370A16C}"
	ProjectSection(ProjectDependencies) = postProject
		{D6CDA697-F3FB-390B-BD78-C0986894CA6E} = {D6CDA697-F3FB-390B-BD78-C0986894CA6E}
	EndProjectSection
EndProject
Project("{8BC9CEB8-8B4A-11D0-8D11-00A0C91BC942}") = "OSDependent", "rbfx\Source\ThirdParty\glslang\glslang\OSDependent\Windows\OSDependent.vcxproj", "{578C7613-92EF-3981-8117-9BF5C8581CEF}"
	ProjectSection(ProjectDependencies) = postProject
		{D6CDA697-F3FB-390B-BD78-C0986894CA6E} = {D6CDA697-F3FB-390B-BD78-C0986894CA6E}
	EndProjectSection
EndProject
Project("{8BC9CEB8-8B4A-11D0-8D11-00A0C91BC942}") = "OgreBatchConverter", "rbfx\Source\Extras\OgreBatchConverter\OgreBatchConverter.vcxproj", "{14128943-4B29-31D7-BF1C-EB88E503012C}"
	ProjectSection(ProjectDependencies) = postProject
		{134A972E-4DF8-3BA6-B4D7-652290020EAE} = {134A972E-4DF8-3BA6-B4D7-652290020EAE}
		{1FA77D53-A66B-322F-B82C-3F65BBA22DF9} = {1FA77D53-A66B-322F-B82C-3F65BBA22DF9}
		{6144A86C-93F6-3343-B718-A4789B01D235} = {6144A86C-93F6-3343-B718-A4789B01D235}
		{D6CDA697-F3FB-390B-BD78-C0986894CA6E} = {D6CDA697-F3FB-390B-BD78-C0986894CA6E}
		{B48D6497-01C0-3ED1-9C3B-9B24D11AF21D} = {B48D6497-01C0-3ED1-9C3B-9B24D11AF21D}
		{A4BEBCDB-07D0-3993-BC23-854E26CB2A0F} = {A4BEBCDB-07D0-3993-BC23-854E26CB2A0F}
		{9211059A-7B7D-37E6-AE9D-B20CE4B47976} = {9211059A-7B7D-37E6-AE9D-B20CE4B47976}
		{EE75417E-DD99-3162-B3E0-DE8F858C2EC6} = {EE75417E-DD99-3162-B3E0-DE8F858C2EC6}
		{E22450ED-A9CF-39BF-89DE-6A28B02423E5} = {E22450ED-A9CF-39BF-89DE-6A28B02423E5}
		{59C06D00-1316-3C1A-9294-749502A093B3} = {59C06D00-1316-3C1A-9294-749502A093B3}
		{BF63F64F-2910-3EA9-9423-519A27EDCE38} = {BF63F64F-2910-3EA9-9423-519A27EDCE38}
	EndProjectSection
EndProject
Project("{8BC9CEB8-8B4A-11D0-8D11-00A0C91BC942}") = "OgreImporter", "rbfx\Source\Tools\OgreImporter\OgreImporter.vcxproj", "{71416E4E-954E-3372-BD74-BACFFA291093}"
	ProjectSection(ProjectDependencies) = postProject
		{134A972E-4DF8-3BA6-B4D7-652290020EAE} = {134A972E-4DF8-3BA6-B4D7-652290020EAE}
		{1FA77D53-A66B-322F-B82C-3F65BBA22DF9} = {1FA77D53-A66B-322F-B82C-3F65BBA22DF9}
		{6144A86C-93F6-3343-B718-A4789B01D235} = {6144A86C-93F6-3343-B718-A4789B01D235}
		{D6CDA697-F3FB-390B-BD78-C0986894CA6E} = {D6CDA697-F3FB-390B-BD78-C0986894CA6E}
		{B48D6497-01C0-3ED1-9C3B-9B24D11AF21D} = {B48D6497-01C0-3ED1-9C3B-9B24D11AF21D}
		{A4BEBCDB-07D0-3993-BC23-854E26CB2A0F} = {A4BEBCDB-07D0-3993-BC23-854E26CB2A0F}
		{9211059A-7B7D-37E6-AE9D-B20CE4B47976} = {9211059A-7B7D-37E6-AE9D-B20CE4B47976}
		{EE75417E-DD99-3162-B3E0-DE8F858C2EC6} = {EE75417E-DD99-3162-B3E0-DE8F858C2EC6}
		{E22450ED-A9CF-39BF-89DE-6A28B02423E5} = {E22450ED-A9CF-39BF-89DE-6A28B02423E5}
		{59C06D00-1316-3C1A-9294-749502A093B3} = {59C06D00-1316-3C1A-9294-749502A093B3}
		{BF63F64F-2910-3EA9-9423-519A27EDCE38} = {BF63F64F-2910-3EA9-9423-519A27EDCE38}
	EndProjectSection
EndProject
Project("{8BC9CEB8-8B4A-11D0-8D11-00A0C91BC942}") = "PackageTool", "rbfx\Source\Tools\PackageTool\PackageTool.vcxproj", "{DE23D058-F223-3548-AA98-B88B9DAC3E16}"
	ProjectSection(ProjectDependencies) = postProject
		{134A972E-4DF8-3BA6-B4D7-652290020EAE} = {134A972E-4DF8-3BA6-B4D7-652290020EAE}
		{33A5ED17-51C6-300C-A685-6135D2840512} = {33A5ED17-51C6-300C-A685-6135D2840512}
		{1FA77D53-A66B-322F-B82C-3F65BBA22DF9} = {1FA77D53-A66B-322F-B82C-3F65BBA22DF9}
		{6144A86C-93F6-3343-B718-A4789B01D235} = {6144A86C-93F6-3343-B718-A4789B01D235}
		{D6CDA697-F3FB-390B-BD78-C0986894CA6E} = {D6CDA697-F3FB-390B-BD78-C0986894CA6E}
		{B48D6497-01C0-3ED1-9C3B-9B24D11AF21D} = {B48D6497-01C0-3ED1-9C3B-9B24D11AF21D}
		{A4BEBCDB-07D0-3993-BC23-854E26CB2A0F} = {A4BEBCDB-07D0-3993-BC23-854E26CB2A0F}
		{9211059A-7B7D-37E6-AE9D-B20CE4B47976} = {9211059A-7B7D-37E6-AE9D-B20CE4B47976}
		{EE75417E-DD99-3162-B3E0-DE8F858C2EC6} = {EE75417E-DD99-3162-B3E0-DE8F858C2EC6}
		{E22450ED-A9CF-39BF-89DE-6A28B02423E5} = {E22450ED-A9CF-39BF-89DE-6A28B02423E5}
		{59C06D00-1316-3C1A-9294-749502A093B3} = {59C06D00-1316-3C1A-9294-749502A093B3}
		{BF63F64F-2910-3EA9-9423-519A27EDCE38} = {BF63F64F-2910-3EA9-9423-519A27EDCE38}
	EndProjectSection
EndProject
Project("{8BC9CEB8-8B4A-11D0-8D11-00A0C91BC942}") = "Player", "rbfx\Source\Player\Player.vcxproj", "{CDE5A8A0-0106-30CC-B9DF-F044F6980998}"
	ProjectSection(ProjectDependencies) = postProject
		{134A972E-4DF8-3BA6-B4D7-652290020EAE} = {134A972E-4DF8-3BA6-B4D7-652290020EAE}
		{1FA77D53-A66B-322F-B82C-3F65BBA22DF9} = {1FA77D53-A66B-322F-B82C-3F65BBA22DF9}
		{6144A86C-93F6-3343-B718-A4789B01D235} = {6144A86C-93F6-3343-B718-A4789B01D235}
		{D6CDA697-F3FB-390B-BD78-C0986894CA6E} = {D6CDA697-F3FB-390B-BD78-C0986894CA6E}
		{B48D6497-01C0-3ED1-9C3B-9B24D11AF21D} = {B48D6497-01C0-3ED1-9C3B-9B24D11AF21D}
		{A4BEBCDB-07D0-3993-BC23-854E26CB2A0F} = {A4BEBCDB-07D0-3993-BC23-854E26CB2A0F}
		{9211059A-7B7D-37E6-AE9D-B20CE4B47976} = {9211059A-7B7D-37E6-AE9D-B20CE4B47976}
		{EE75417E-DD99-3162-B3E0-DE8F858C2EC6} = {EE75417E-DD99-3162-B3E0-DE8F858C2EC6}
		{E22450ED-A9CF-39BF-89DE-6A28B02423E5} = {E22450ED-A9CF-39BF-89DE-6A28B02423E5}
		{59C06D00-1316-3C1A-9294-749502A093B3} = {59C06D00-1316-3C1A-9294-749502A093B3}
		{BF63F64F-2910-3EA9-9423-519A27EDCE38} = {BF63F64F-2910-3EA9-9423-519A27EDCE38}
	EndProjectSection
EndProject
Project("{8BC9CEB8-8B4A-11D0-8D11-00A0C91BC942}") = "PugiXml", "rbfx\Source\ThirdParty\PugiXml\PugiXml.vcxproj", "{FC3BDFFE-A773-346E-9565-64F47F067B9A}"
	ProjectSection(ProjectDependencies) = postProject
		{D6CDA697-F3FB-390B-BD78-C0986894CA6E} = {D6CDA697-F3FB-390B-BD78-C0986894CA6E}
	EndProjectSection
EndProject
Project("{8BC9CEB8-8B4A-11D0-8D11-00A0C91BC942}") = "REditor", "REditor.vcxproj", "{D878F8D2-A32E-38B2-8E3B-4EF39BA6F0D1}"
	ProjectSection(ProjectDependencies) = postProject
		{134A972E-4DF8-3BA6-B4D7-652290020EAE} = {134A972E-4DF8-3BA6-B4D7-652290020EAE}
		{1FA77D53-A66B-322F-B82C-3F65BBA22DF9} = {1FA77D53-A66B-322F-B82C-3F65BBA22DF9}
		{6144A86C-93F6-3343-B718-A4789B01D235} = {6144A86C-93F6-3343-B718-A4789B01D235}
		{D6CDA697-F3FB-390B-BD78-C0986894CA6E} = {D6CDA697-F3FB-390B-BD78-C0986894CA6E}
		{B48D6497-01C0-3ED1-9C3B-9B24D11AF21D} = {B48D6497-01C0-3ED1-9C3B-9B24D11AF21D}
		{A4BEBCDB-07D0-3993-BC23-854E26CB2A0F} = {A4BEBCDB-07D0-3993-BC23-854E26CB2A0F}
		{9211059A-7B7D-37E6-AE9D-B20CE4B47976} = {9211059A-7B7D-37E6-AE9D-B20CE4B47976}
		{EE75417E-DD99-3162-B3E0-DE8F858C2EC6} = {EE75417E-DD99-3162-B3E0-DE8F858C2EC6}
		{E22450ED-A9CF-39BF-89DE-6A28B02423E5} = {E22450ED-A9CF-39BF-89DE-6A28B02423E5}
		{59C06D00-1316-3C1A-9294-749502A093B3} = {59C06D00-1316-3C1A-9294-749502A093B3}
		{BF63F64F-2910-3EA9-9423-519A27EDCE38} = {BF63F64F-2910-3EA9-9423-519A27EDCE38}
	EndProjectSection
EndProject
Project("{8BC9CEB8-8B4A-11D0-8D11-00A0C91BC942}") = "RampGenerator", "rbfx\Source\Tools\RampGenerator\RampGenerator.vcxproj", "{8CA266C8-31DF-3530-9BBE-DDE287E8AAFA}"
	ProjectSection(ProjectDependencies) = postProject
		{134A972E-4DF8-3BA6-B4D7-652290020EAE} = {134A972E-4DF8-3BA6-B4D7-652290020EAE}
		{1FA77D53-A66B-322F-B82C-3F65BBA22DF9} = {1FA77D53-A66B-322F-B82C-3F65BBA22DF9}
		{6144A86C-93F6-3343-B718-A4789B01D235} = {6144A86C-93F6-3343-B718-A4789B01D235}
		{D6CDA697-F3FB-390B-BD78-C0986894CA6E} = {D6CDA697-F3FB-390B-BD78-C0986894CA6E}
		{B48D6497-01C0-3ED1-9C3B-9B24D11AF21D} = {B48D6497-01C0-3ED1-9C3B-9B24D11AF21D}
		{A4BEBCDB-07D0-3993-BC23-854E26CB2A0F} = {A4BEBCDB-07D0-3993-BC23-854E26CB2A0F}
		{9211059A-7B7D-37E6-AE9D-B20CE4B47976} = {9211059A-7B7D-37E6-AE9D-B20CE4B47976}
		{EE75417E-DD99-3162-B3E0-DE8F858C2EC6} = {EE75417E-DD99-3162-B3E0-DE8F858C2EC6}
		{E22450ED-A9CF-39BF-89DE-6A28B02423E5} = {E22450ED-A9CF-39BF-89DE-6A28B02423E5}
		{59C06D00-1316-3C1A-9294-749502A093B3} = {59C06D00-1316-3C1A-9294-749502A093B3}
		{BF63F64F-2910-3EA9-9423-519A27EDCE38} = {BF63F64F-2910-3EA9-9423-519A27EDCE38}
	EndProjectSection
EndProject
Project("{8BC9CEB8-8B4A-11D0-8D11-00A0C91BC942}") = "Recast", "rbfx\Source\ThirdParty\Recast\Recast.vcxproj", "{624852B1-4356-3489-9779-A3E853B7FF19}"
	ProjectSection(ProjectDependencies) = postProject
		{D6CDA697-F3FB-390B-BD78-C0986894CA6E} = {D6CDA697-F3FB-390B-BD78-C0986894CA6E}
	EndProjectSection
EndProject
Project("{8BC9CEB8-8B4A-11D0-8D11-00A0C91BC942}") = "RmlUi", "rbfx\Source\ThirdParty\RmlUi\RmlUi.vcxproj", "{AD223C3A-26AB-38BA-A875-57834A9D7249}"
	ProjectSection(ProjectDependencies) = postProject
		{4B9118D4-2215-3700-947F-44C25A1E3F88} = {4B9118D4-2215-3700-947F-44C25A1E3F88}
		{4679A5AE-591E-330B-A20B-7DD4E75A779F} = {4679A5AE-591E-330B-A20B-7DD4E75A779F}
		{D6CDA697-F3FB-390B-BD78-C0986894CA6E} = {D6CDA697-F3FB-390B-BD78-C0986894CA6E}
	EndProjectSection
EndProject
Project("{8BC9CEB8-8B4A-11D0-8D11-00A0C91BC942}") = "SDL", "rbfx\Source\ThirdParty\SDL\SDL.vcxproj", "{3934BD1C-D455-3058-BDF3-8418101D8E83}"
	ProjectSection(ProjectDependencies) = postProject
		{D6CDA697-F3FB-390B-BD78-C0986894CA6E} = {D6CDA697-F3FB-390B-BD78-C0986894CA6E}
	EndProjectSection
EndProject
Project("{8BC9CEB8-8B4A-11D0-8D11-00A0C91BC942}") = "SLikeNet", "rbfx\Source\ThirdParty\SLikeNet\SLikeNet.vcxproj", "{B00A0AF3-CA35-3772-AE64-E9236C3D6B74}"
	ProjectSection(ProjectDependencies) = postProject
		{D6CDA697-F3FB-390B-BD78-C0986894CA6E} = {D6CDA697-F3FB-390B-BD78-C0986894CA6E}
	EndProjectSection
EndProject
Project("{8BC9CEB8-8B4A-11D0-8D11-00A0C91BC942}") = "SPIRV", "rbfx\Source\ThirdParty\glslang\SPIRV\SPIRV.vcxproj", "{56B84C38-A259-334A-9488-AAB4F94F0313}"
	ProjectSection(ProjectDependencies) = postProject
		{15F98999-601D-3D38-B176-33F64370A16C} = {15F98999-601D-3D38-B176-33F64370A16C}
		{578C7613-92EF-3981-8117-9BF5C8581CEF} = {578C7613-92EF-3981-8117-9BF5C8581CEF}
		{D6CDA697-F3FB-390B-BD78-C0986894CA6E} = {D6CDA697-F3FB-390B-BD78-C0986894CA6E}
		{83A9977B-F99D-3699-9932-8A3DCC0AC073} = {83A9977B-F99D-3699-9932-8A3DCC0AC073}
	EndProjectSection
EndProject
Project("{8BC9CEB8-8B4A-11D0-8D11-00A0C91BC942}") = "SPVRemapper", "rbfx\Source\ThirdParty\glslang\SPIRV\SPVRemapper.vcxproj", "{940AA3F5-A7DA-3B3C-9E75-8E2ABD23346A}"
	ProjectSection(ProjectDependencies) = postProject
		{D6CDA697-F3FB-390B-BD78-C0986894CA6E} = {D6CDA697-F3FB-390B-BD78-C0986894CA6E}
	EndProjectSection
EndProject
Project("{8BC9CEB8-8B4A-11D0-8D11-00A0C91BC942}") = "STB", "rbfx\Source\ThirdParty\STB\STB.vcxproj", "{29857AFC-699A-35D8-87FF-FB2A043693FD}"
	ProjectSection(ProjectDependencies) = postProject
		{D6CDA697-F3FB-390B-BD78-C0986894CA6E} = {D6CDA697-F3FB-390B-BD78-C0986894CA6E}
	EndProjectSection
EndProject
Project("{8BC9CEB8-8B4A-11D0-8D11-00A0C91BC942}") = "Samples", "rbfx\Source\Samples\Samples.vcxproj", "{E0D94EE6-2AE0-3130-99B4-9164AFA7A5B8}"
	ProjectSection(ProjectDependencies) = postProject
		{134A972E-4DF8-3BA6-B4D7-652290020EAE} = {134A972E-4DF8-3BA6-B4D7-652290020EAE}
		{1FA77D53-A66B-322F-B82C-3F65BBA22DF9} = {1FA77D53-A66B-322F-B82C-3F65BBA22DF9}
		{6144A86C-93F6-3343-B718-A4789B01D235} = {6144A86C-93F6-3343-B718-A4789B01D235}
		{CD744C17-1312-38A8-BC68-9375DF5608CE} = {CD744C17-1312-38A8-BC68-9375DF5608CE}
		{D6CDA697-F3FB-390B-BD78-C0986894CA6E} = {D6CDA697-F3FB-390B-BD78-C0986894CA6E}
		{B48D6497-01C0-3ED1-9C3B-9B24D11AF21D} = {B48D6497-01C0-3ED1-9C3B-9B24D11AF21D}
		{A4BEBCDB-07D0-3993-BC23-854E26CB2A0F} = {A4BEBCDB-07D0-3993-BC23-854E26CB2A0F}
		{9211059A-7B7D-37E6-AE9D-B20CE4B47976} = {9211059A-7B7D-37E6-AE9D-B20CE4B47976}
		{EE75417E-DD99-3162-B3E0-DE8F858C2EC6} = {EE75417E-DD99-3162-B3E0-DE8F858C2EC6}
		{E22450ED-A9CF-39BF-89DE-6A28B02423E5} = {E22450ED-A9CF-39BF-89DE-6A28B02423E5}
		{59C06D00-1316-3C1A-9294-749502A093B3} = {59C06D00-1316-3C1A-9294-749502A093B3}
		{BF63F64F-2910-3EA9-9423-519A27EDCE38} = {BF63F64F-2910-3EA9-9423-519A27EDCE38}
	EndProjectSection
EndProject
Project("{8BC9CEB8-8B4A-11D0-8D11-00A0C91BC942}") = "SpritePacker", "rbfx\Source\Tools\SpritePacker\SpritePacker.vcxproj", "{218FEBDE-85A5-31A9-A2EE-7DFFDF9A051B}"
	ProjectSection(ProjectDependencies) = postProject
		{134A972E-4DF8-3BA6-B4D7-652290020EAE} = {134A972E-4DF8-3BA6-B4D7-652290020EAE}
		{1FA77D53-A66B-322F-B82C-3F65BBA22DF9} = {1FA77D53-A66B-322F-B82C-3F65BBA22DF9}
		{6144A86C-93F6-3343-B718-A4789B01D235} = {6144A86C-93F6-3343-B718-A4789B01D235}
		{D6CDA697-F3FB-390B-BD78-C0986894CA6E} = {D6CDA697-F3FB-390B-BD78-C0986894CA6E}
		{B48D6497-01C0-3ED1-9C3B-9B24D11AF21D} = {B48D6497-01C0-3ED1-9C3B-9B24D11AF21D}
		{A4BEBCDB-07D0-3993-BC23-854E26CB2A0F} = {A4BEBCDB-07D0-3993-BC23-854E26CB2A0F}
		{9211059A-7B7D-37E6-AE9D-B20CE4B47976} = {9211059A-7B7D-37E6-AE9D-B20CE4B47976}
		{EE75417E-DD99-3162-B3E0-DE8F858C2EC6} = {EE75417E-DD99-3162-B3E0-DE8F858C2EC6}
		{E22450ED-A9CF-39BF-89DE-6A28B02423E5} = {E22450ED-A9CF-39BF-89DE-6A28B02423E5}
		{59C06D00-1316-3C1A-9294-749502A093B3} = {59C06D00-1316-3C1A-9294-749502A093B3}
		{BF63F64F-2910-3EA9-9423-519A27EDCE38} = {BF63F64F-2910-3EA9-9423-519A27EDCE38}
	EndProjectSection
EndProject
Project("{8BC9CEB8-8B4A-11D0-8D11-00A0C91BC942}") = "StanHull", "rbfx\Source\ThirdParty\StanHull\StanHull.vcxproj", "{5918A170-93B7-3FFF-BC11-D70BC192E913}"
	ProjectSection(ProjectDependencies) = postProject
		{D6CDA697-F3FB-390B-BD78-C0986894CA6E} = {D6CDA697-F3FB-390B-BD78-C0986894CA6E}
	EndProjectSection
EndProject
Project("{8BC9CEB8-8B4A-11D0-8D11-00A0C91BC942}") = "Toolbox", "rbfx\Source\Tools\Toolbox\Toolbox.vcxproj", "{8754D7BB-B716-32EC-A4AB-8A3F66F1A9DD}"
	ProjectSection(ProjectDependencies) = postProject
		{134A972E-4DF8-3BA6-B4D7-652290020EAE} = {134A972E-4DF8-3BA6-B4D7-652290020EAE}
		{1FA77D53-A66B-322F-B82C-3F65BBA22DF9} = {1FA77D53-A66B-322F-B82C-3F65BBA22DF9}
		{6144A86C-93F6-3343-B718-A4789B01D235} = {6144A86C-93F6-3343-B718-A4789B01D235}
		{D6CDA697-F3FB-390B-BD78-C0986894CA6E} = {D6CDA697-F3FB-390B-BD78-C0986894CA6E}
		{B48D6497-01C0-3ED1-9C3B-9B24D11AF21D} = {B48D6497-01C0-3ED1-9C3B-9B24D11AF21D}
		{A4BEBCDB-07D0-3993-BC23-854E26CB2A0F} = {A4BEBCDB-07D0-3993-BC23-854E26CB2A0F}
		{9211059A-7B7D-37E6-AE9D-B20CE4B47976} = {9211059A-7B7D-37E6-AE9D-B20CE4B47976}
		{EE75417E-DD99-3162-B3E0-DE8F858C2EC6} = {EE75417E-DD99-3162-B3E0-DE8F858C2EC6}
		{E22450ED-A9CF-39BF-89DE-6A28B02423E5} = {E22450ED-A9CF-39BF-89DE-6A28B02423E5}
		{59C06D00-1316-3C1A-9294-749502A093B3} = {59C06D00-1316-3C1A-9294-749502A093B3}
		{BF63F64F-2910-3EA9-9423-519A27EDCE38} = {BF63F64F-2910-3EA9-9423-519A27EDCE38}
	EndProjectSection
EndProject
Project("{8BC9CEB8-8B4A-11D0-8D11-00A0C91BC942}") = "Tracy", "rbfx\Source\ThirdParty\tracy\Tracy.vcxproj", "{1FA77D53-A66B-322F-B82C-3F65BBA22DF9}"
	ProjectSection(ProjectDependencies) = postProject
		{D6CDA697-F3FB-390B-BD78-C0986894CA6E} = {D6CDA697-F3FB-390B-BD78-C0986894CA6E}
	EndProjectSection
EndProject
Project("{8BC9CEB8-8B4A-11D0-8D11-00A0C91BC942}") = "TracyEmbedded", "rbfx\Source\ThirdParty\tracy\TracyEmbedded.vcxproj", "{5365AC13-434A-3FD1-AF2E-5CD02BC0989E}"
	ProjectSection(ProjectDependencies) = postProject
		{134A972E-4DF8-3BA6-B4D7-652290020EAE} = {134A972E-4DF8-3BA6-B4D7-652290020EAE}
		{1FA77D53-A66B-322F-B82C-3F65BBA22DF9} = {1FA77D53-A66B-322F-B82C-3F65BBA22DF9}
		{6144A86C-93F6-3343-B718-A4789B01D235} = {6144A86C-93F6-3343-B718-A4789B01D235}
		{D6CDA697-F3FB-390B-BD78-C0986894CA6E} = {D6CDA697-F3FB-390B-BD78-C0986894CA6E}
		{1AB362CE-2BD6-3C57-9577-FCA42936BB7F} = {1AB362CE-2BD6-3C57-9577-FCA42936BB7F}
		{B48D6497-01C0-3ED1-9C3B-9B24D11AF21D} = {B48D6497-01C0-3ED1-9C3B-9B24D11AF21D}
		{A4BEBCDB-07D0-3993-BC23-854E26CB2A0F} = {A4BEBCDB-07D0-3993-BC23-854E26CB2A0F}
		{9211059A-7B7D-37E6-AE9D-B20CE4B47976} = {9211059A-7B7D-37E6-AE9D-B20CE4B47976}
		{EE75417E-DD99-3162-B3E0-DE8F858C2EC6} = {EE75417E-DD99-3162-B3E0-DE8F858C2EC6}
		{E22450ED-A9CF-39BF-89DE-6A28B02423E5} = {E22450ED-A9CF-39BF-89DE-6A28B02423E5}
		{59C06D00-1316-3C1A-9294-749502A093B3} = {59C06D00-1316-3C1A-9294-749502A093B3}
		{BF63F64F-2910-3EA9-9423-519A27EDCE38} = {BF63F64F-2910-3EA9-9423-519A27EDCE38}
	EndProjectSection
EndProject
Project("{8BC9CEB8-8B4A-11D0-8D11-00A0C91BC942}") = "TracyProfiler", "rbfx\Source\ThirdParty\tracy\TracyProfiler.vcxproj", "{1542AD5D-C0C3-3329-AA96-B4ED5E2F1203}"
	ProjectSection(ProjectDependencies) = postProject
		{134A972E-4DF8-3BA6-B4D7-652290020EAE} = {134A972E-4DF8-3BA6-B4D7-652290020EAE}
		{1FA77D53-A66B-322F-B82C-3F65BBA22DF9} = {1FA77D53-A66B-322F-B82C-3F65BBA22DF9}
		{6144A86C-93F6-3343-B718-A4789B01D235} = {6144A86C-93F6-3343-B718-A4789B01D235}
		{D6CDA697-F3FB-390B-BD78-C0986894CA6E} = {D6CDA697-F3FB-390B-BD78-C0986894CA6E}
		{1AB362CE-2BD6-3C57-9577-FCA42936BB7F} = {1AB362CE-2BD6-3C57-9577-FCA42936BB7F}
		{B48D6497-01C0-3ED1-9C3B-9B24D11AF21D} = {B48D6497-01C0-3ED1-9C3B-9B24D11AF21D}
		{A4BEBCDB-07D0-3993-BC23-854E26CB2A0F} = {A4BEBCDB-07D0-3993-BC23-854E26CB2A0F}
		{9211059A-7B7D-37E6-AE9D-B20CE4B47976} = {9211059A-7B7D-37E6-AE9D-B20CE4B47976}
		{EE75417E-DD99-3162-B3E0-DE8F858C2EC6} = {EE75417E-DD99-3162-B3E0-DE8F858C2EC6}
		{E22450ED-A9CF-39BF-89DE-6A28B02423E5} = {E22450ED-A9CF-39BF-89DE-6A28B02423E5}
		{59C06D00-1316-3C1A-9294-749502A093B3} = {59C06D00-1316-3C1A-9294-749502A093B3}
		{BF63F64F-2910-3EA9-9423-519A27EDCE38} = {BF63F64F-2910-3EA9-9423-519A27EDCE38}
	EndProjectSection
EndProject
Project("{8BC9CEB8-8B4A-11D0-8D11-00A0C91BC942}") = "Urho3D", "rbfx\Source\Urho3D\Urho3D.vcxproj", "{6144A86C-93F6-3343-B718-A4789B01D235}"
	ProjectSection(ProjectDependencies) = postProject
		{46D3C5DF-46BB-3025-9268-C746230FD57F} = {46D3C5DF-46BB-3025-9268-C746230FD57F}
		{134A972E-4DF8-3BA6-B4D7-652290020EAE} = {134A972E-4DF8-3BA6-B4D7-652290020EAE}
		{81BEA5A7-B10C-3F94-8953-2006BA5E449D} = {81BEA5A7-B10C-3F94-8953-2006BA5E449D}
		{04171F59-9A71-3C93-A71C-1D66A9B05A0C} = {04171F59-9A71-3C93-A71C-1D66A9B05A0C}
		{8670ACF6-8F08-33EA-B91D-507A78CBDB36} = {8670ACF6-8F08-33EA-B91D-507A78CBDB36}
		{142CA677-1158-3255-B5F1-EB803C928EA8} = {142CA677-1158-3255-B5F1-EB803C928EA8}
		{4B9118D4-2215-3700-947F-44C25A1E3F88} = {4B9118D4-2215-3700-947F-44C25A1E3F88}
		{DA2524FC-D9DB-3CA4-B018-78FF33BAC7F1} = {DA2524FC-D9DB-3CA4-B018-78FF33BAC7F1}
		{4679A5AE-591E-330B-A20B-7DD4E75A779F} = {4679A5AE-591E-330B-A20B-7DD4E75A779F}
		{68F16012-A2E2-3F51-BF94-E042589290E8} = {68F16012-A2E2-3F51-BF94-E042589290E8}
		{3E71577B-BC39-39BB-A745-124F925C5452} = {3E71577B-BC39-39BB-A745-124F925C5452}
		{33A5ED17-51C6-300C-A685-6135D2840512} = {33A5ED17-51C6-300C-A685-6135D2840512}
		{A5DD2675-B402-3B71-BDE3-7F4B0C17C845} = {A5DD2675-B402-3B71-BDE3-7F4B0C17C845}
		{15F98999-601D-3D38-B176-33F64370A16C} = {15F98999-601D-3D38-B176-33F64370A16C}
		{578C7613-92EF-3981-8117-9BF5C8581CEF} = {578C7613-92EF-3981-8117-9BF5C8581CEF}
		{FC3BDFFE-A773-346E-9565-64F47F067B9A} = {FC3BDFFE-A773-346E-9565-64F47F067B9A}
		{624852B1-4356-3489-9779-A3E853B7FF19} = {624852B1-4356-3489-9779-A3E853B7FF19}
		{AD223C3A-26AB-38BA-A875-57834A9D7249} = {AD223C3A-26AB-38BA-A875-57834A9D7249}
		{3934BD1C-D455-3058-BDF3-8418101D8E83} = {3934BD1C-D455-3058-BDF3-8418101D8E83}
		{B00A0AF3-CA35-3772-AE64-E9236C3D6B74} = {B00A0AF3-CA35-3772-AE64-E9236C3D6B74}
		{56B84C38-A259-334A-9488-AAB4F94F0313} = {56B84C38-A259-334A-9488-AAB4F94F0313}
		{29857AFC-699A-35D8-87FF-FB2A043693FD} = {29857AFC-699A-35D8-87FF-FB2A043693FD}
		{5918A170-93B7-3FFF-BC11-D70BC192E913} = {5918A170-93B7-3FFF-BC11-D70BC192E913}
		{1FA77D53-A66B-322F-B82C-3F65BBA22DF9} = {1FA77D53-A66B-322F-B82C-3F65BBA22DF9}
		{AD10F7B1-8E65-31A7-BA0A-90DCD7F211BF} = {AD10F7B1-8E65-31A7-BA0A-90DCD7F211BF}
		{D6CDA697-F3FB-390B-BD78-C0986894CA6E} = {D6CDA697-F3FB-390B-BD78-C0986894CA6E}
		{EA6EDB80-549A-3CB7-A16A-532C4215271A} = {EA6EDB80-549A-3CB7-A16A-532C4215271A}
		{9A9229C0-ED74-3232-9708-A2CC4C0C9151} = {9A9229C0-ED74-3232-9708-A2CC4C0C9151}
		{83A9977B-F99D-3699-9932-8A3DCC0AC073} = {83A9977B-F99D-3699-9932-8A3DCC0AC073}
		{292FF87F-EFCB-3EBB-B499-A3540645DE02} = {292FF87F-EFCB-3EBB-B499-A3540645DE02}
		{B48D6497-01C0-3ED1-9C3B-9B24D11AF21D} = {B48D6497-01C0-3ED1-9C3B-9B24D11AF21D}
		{A4BEBCDB-07D0-3993-BC23-854E26CB2A0F} = {A4BEBCDB-07D0-3993-BC23-854E26CB2A0F}
		{53CC9C8A-7CDE-3A20-B3CC-CCDD0F134B73} = {53CC9C8A-7CDE-3A20-B3CC-CCDD0F134B73}
		{9211059A-7B7D-37E6-AE9D-B20CE4B47976} = {9211059A-7B7D-37E6-AE9D-B20CE4B47976}
		{EE75417E-DD99-3162-B3E0-DE8F858C2EC6} = {EE75417E-DD99-3162-B3E0-DE8F858C2EC6}
		{E22450ED-A9CF-39BF-89DE-6A28B02423E5} = {E22450ED-A9CF-39BF-89DE-6A28B02423E5}
		{4629FA8A-F5A7-320D-B845-AC839C8807A5} = {4629FA8A-F5A7-320D-B845-AC839C8807A5}
		{87027D36-AB9D-32B2-98B7-3770B8D72187} = {87027D36-AB9D-32B2-98B7-3770B8D72187}
		{59C06D00-1316-3C1A-9294-749502A093B3} = {59C06D00-1316-3C1A-9294-749502A093B3}
		{BF63F64F-2910-3EA9-9423-519A27EDCE38} = {BF63F64F-2910-3EA9-9423-519A27EDCE38}
		{757BCE44-78C0-39CA-83C4-3C1359A669F4} = {757BCE44-78C0-39CA-83C4-3C1359A669F4}
		{986F5939-7FF7-3723-9515-02A93844C197} = {986F5939-7FF7-3723-9515-02A93844C197}
	EndProjectSection
EndProject
Project("{8BC9CEB8-8B4A-11D0-8D11-00A0C91BC942}") = "Utilities2D", "rbfx\Source\Samples\Utilities2D\Utilities2D.vcxproj", "{CD744C17-1312-38A8-BC68-9375DF5608CE}"
	ProjectSection(ProjectDependencies) = postProject
		{134A972E-4DF8-3BA6-B4D7-652290020EAE} = {134A972E-4DF8-3BA6-B4D7-652290020EAE}
		{1FA77D53-A66B-322F-B82C-3F65BBA22DF9} = {1FA77D53-A66B-322F-B82C-3F65BBA22DF9}
		{6144A86C-93F6-3343-B718-A4789B01D235} = {6144A86C-93F6-3343-B718-A4789B01D235}
		{D6CDA697-F3FB-390B-BD78-C0986894CA6E} = {D6CDA697-F3FB-390B-BD78-C0986894CA6E}
		{B48D6497-01C0-3ED1-9C3B-9B24D11AF21D} = {B48D6497-01C0-3ED1-9C3B-9B24D11AF21D}
		{A4BEBCDB-07D0-3993-BC23-854E26CB2A0F} = {A4BEBCDB-07D0-3993-BC23-854E26CB2A0F}
		{9211059A-7B7D-37E6-AE9D-B20CE4B47976} = {9211059A-7B7D-37E6-AE9D-B20CE4B47976}
		{EE75417E-DD99-3162-B3E0-DE8F858C2EC6} = {EE75417E-DD99-3162-B3E0-DE8F858C2EC6}
		{E22450ED-A9CF-39BF-89DE-6A28B02423E5} = {E22450ED-A9CF-39BF-89DE-6A28B02423E5}
		{59C06D00-1316-3C1A-9294-749502A093B3} = {59C06D00-1316-3C1A-9294-749502A093B3}
		{BF63F64F-2910-3EA9-9423-519A27EDCE38} = {BF63F64F-2910-3EA9-9423-519A27EDCE38}
	EndProjectSection
EndProject
Project("{8BC9CEB8-8B4A-11D0-8D11-00A0C91BC942}") = "WebP", "rbfx\Source\ThirdParty\WebP\WebP.vcxproj", "{AD10F7B1-8E65-31A7-BA0A-90DCD7F211BF}"
	ProjectSection(ProjectDependencies) = postProject
		{D6CDA697-F3FB-390B-BD78-C0986894CA6E} = {D6CDA697-F3FB-390B-BD78-C0986894CA6E}
	EndProjectSection
EndProject
Project("{8BC9CEB8-8B4A-11D0-8D11-00A0C91BC942}") = "ZERO_CHECK", "ZERO_CHECK.vcxproj", "{D6CDA697-F3FB-390B-BD78-C0986894CA6E}"
	ProjectSection(ProjectDependencies) = postProject
	EndProjectSection
EndProject
Project("{8BC9CEB8-8B4A-11D0-8D11-00A0C91BC942}") = "algorithms", "rbfx\Source\ThirdParty\embree\common\algorithms\algorithms.vcxproj", "{352EBFBA-3810-3082-9BD5-60B873A04090}"
	ProjectSection(ProjectDependencies) = postProject
		{D6CDA697-F3FB-390B-BD78-C0986894CA6E} = {D6CDA697-F3FB-390B-BD78-C0986894CA6E}
	EndProjectSection
EndProject
Project("{8BC9CEB8-8B4A-11D0-8D11-00A0C91BC942}") = "capstone-static", "rbfx\Source\ThirdParty\capstone\capstone-static.vcxproj", "{1AB362CE-2BD6-3C57-9577-FCA42936BB7F}"
	ProjectSection(ProjectDependencies) = postProject
		{D6CDA697-F3FB-390B-BD78-C0986894CA6E} = {D6CDA697-F3FB-390B-BD78-C0986894CA6E}
	EndProjectSection
EndProject
Project("{8BC9CEB8-8B4A-11D0-8D11-00A0C91BC942}") = "crnlib", "rbfx\Source\ThirdParty\crunch\crnlib.vcxproj", "{CF89308A-54D2-37E5-8AC5-03FB5EDBBFB6}"
	ProjectSection(ProjectDependencies) = postProject
		{D6CDA697-F3FB-390B-BD78-C0986894CA6E} = {D6CDA697-F3FB-390B-BD78-C0986894CA6E}
	EndProjectSection
EndProject
Project("{8BC9CEB8-8B4A-11D0-8D11-00A0C91BC942}") = "crunch", "rbfx\Source\ThirdParty\crunch\crunch.vcxproj", "{C75592A5-5C9C-375C-84D9-7655C1A33AB9}"
	ProjectSection(ProjectDependencies) = postProject
		{D6CDA697-F3FB-390B-BD78-C0986894CA6E} = {D6CDA697-F3FB-390B-BD78-C0986894CA6E}
		{CF89308A-54D2-37E5-8AC5-03FB5EDBBFB6} = {CF89308A-54D2-37E5-8AC5-03FB5EDBBFB6}
	EndProjectSection
EndProject
Project("{8BC9CEB8-8B4A-11D0-8D11-00A0C91BC942}") = "embree", "rbfx\Source\ThirdParty\embree\kernels\embree.vcxproj", "{EA6EDB80-549A-3CB7-A16A-532C4215271A}"
	ProjectSection(ProjectDependencies) = postProject
		{D6CDA697-F3FB-390B-BD78-C0986894CA6E} = {D6CDA697-F3FB-390B-BD78-C0986894CA6E}
		{352EBFBA-3810-3082-9BD5-60B873A04090} = {352EBFBA-3810-3082-9BD5-60B873A04090}
		{B48D6497-01C0-3ED1-9C3B-9B24D11AF21D} = {B48D6497-01C0-3ED1-9C3B-9B24D11AF21D}
		{A4BEBCDB-07D0-3993-BC23-854E26CB2A0F} = {A4BEBCDB-07D0-3993-BC23-854E26CB2A0F}
		{9211059A-7B7D-37E6-AE9D-B20CE4B47976} = {9211059A-7B7D-37E6-AE9D-B20CE4B47976}
		{59C06D00-1316-3C1A-9294-749502A093B3} = {59C06D00-1316-3C1A-9294-749502A093B3}
		{BF63F64F-2910-3EA9-9423-519A27EDCE38} = {BF63F64F-2910-3EA9-9423-519A27EDCE38}
	EndProjectSection
EndProject
Project("{8BC9CEB8-8B4A-11D0-8D11-00A0C91BC942}") = "fmt", "rbfx\Source\ThirdParty\fmt\fmt.vcxproj", "{9A9229C0-ED74-3232-9708-A2CC4C0C9151}"
	ProjectSection(ProjectDependencies) = postProject
		{4B9118D4-2215-3700-947F-44C25A1E3F88} = {4B9118D4-2215-3700-947F-44C25A1E3F88}
		{D6CDA697-F3FB-390B-BD78-C0986894CA6E} = {D6CDA697-F3FB-390B-BD78-C0986894CA6E}
	EndProjectSection
EndProject
Project("{8BC9CEB8-8B4A-11D0-8D11-00A0C91BC942}") = "glslang", "rbfx\Source\ThirdParty\glslang\glslang\glslang.vcxproj", "{83A9977B-F99D-3699-9932-8A3DCC0AC073}"
	ProjectSection(ProjectDependencies) = postProject
		{15F98999-601D-3D38-B176-33F64370A16C} = {15F98999-601D-3D38-B176-33F64370A16C}
		{578C7613-92EF-3981-8117-9BF5C8581CEF} = {578C7613-92EF-3981-8117-9BF5C8581CEF}
		{D6CDA697-F3FB-390B-BD78-C0986894CA6E} = {D6CDA697-F3FB-390B-BD78-C0986894CA6E}
	EndProjectSection
EndProject
Project("{8BC9CEB8-8B4A-11D0-8D11-00A0C91BC942}") = "ik", "rbfx\Source\ThirdParty\ik\ik.vcxproj", "{292FF87F-EFCB-3EBB-B499-A3540645DE02}"
	ProjectSection(ProjectDependencies) = postProject
		{D6CDA697-F3FB-390B-BD78-C0986894CA6E} = {D6CDA697-F3FB-390B-BD78-C0986894CA6E}
	EndProjectSection
EndProject
Project("{8BC9CEB8-8B4A-11D0-8D11-00A0C91BC942}") = "lexers", "rbfx\Source\ThirdParty\embree\common\lexers\lexers.vcxproj", "{B48D6497-01C0-3ED1-9C3B-9B24D11AF21D}"
	ProjectSection(ProjectDependencies) = postProject
		{D6CDA697-F3FB-390B-BD78-C0986894CA6E} = {D6CDA697-F3FB-390B-BD78-C0986894CA6E}
		{A4BEBCDB-07D0-3993-BC23-854E26CB2A0F} = {A4BEBCDB-07D0-3993-BC23-854E26CB2A0F}
		{59C06D00-1316-3C1A-9294-749502A093B3} = {59C06D00-1316-3C1A-9294-749502A093B3}
	EndProjectSection
EndProject
Project("{8BC9CEB8-8B4A-11D0-8D11-00A0C91BC942}") = "math", "rbfx\Source\ThirdParty\embree\common\math\math.vcxproj", "{A4BEBCDB-07D0-3993-BC23-854E26CB2A0F}"
	ProjectSection(ProjectDependencies) = postProject
		{D6CDA697-F3FB-390B-BD78-C0986894CA6E} = {D6CDA697-F3FB-390B-BD78-C0986894CA6E}
	EndProjectSection
EndProject
Project("{8BC9CEB8-8B4A-11D0-8D11-00A0C91BC942}") = "nativefiledialog", "rbfx\Source\ThirdParty\nativefiledialog\nativefiledialog.vcxproj", "{53CC9C8A-7CDE-3A20-B3CC-CCDD0F134B73}"
	ProjectSection(ProjectDependencies) = postProject
		{D6CDA697-F3FB-390B-BD78-C0986894CA6E} = {D6CDA697-F3FB-390B-BD78-C0986894CA6E}
	EndProjectSection
EndProject
Project("{8BC9CEB8-8B4A-11D0-8D11-00A0C91BC942}") = "simd", "rbfx\Source\ThirdParty\embree\common\simd\simd.vcxproj", "{9211059A-7B7D-37E6-AE9D-B20CE4B47976}"
	ProjectSection(ProjectDependencies) = postProject
		{D6CDA697-F3FB-390B-BD78-C0986894CA6E} = {D6CDA697-F3FB-390B-BD78-C0986894CA6E}
	EndProjectSection
EndProject
Project("{8BC9CEB8-8B4A-11D0-8D11-00A0C91BC942}") = "spirv-cross", "rbfx\Source\ThirdParty\SPIRV-Cross\spirv-cross.vcxproj", "{EB50C2AC-AFF0-31FF-88D9-BA514021A6D2}"
	ProjectSection(ProjectDependencies) = postProject
		{D6CDA697-F3FB-390B-BD78-C0986894CA6E} = {D6CDA697-F3FB-390B-BD78-C0986894CA6E}
		{EE75417E-DD99-3162-B3E0-DE8F858C2EC6} = {EE75417E-DD99-3162-B3E0-DE8F858C2EC6}
		{D2B2937A-A37D-3D6B-922C-8A72FADB515A} = {D2B2937A-A37D-3D6B-922C-8A72FADB515A}
		{E22450ED-A9CF-39BF-89DE-6A28B02423E5} = {E22450ED-A9CF-39BF-89DE-6A28B02423E5}
		{4629FA8A-F5A7-320D-B845-AC839C8807A5} = {4629FA8A-F5A7-320D-B845-AC839C8807A5}
		{87027D36-AB9D-32B2-98B7-3770B8D72187} = {87027D36-AB9D-32B2-98B7-3770B8D72187}
		{6E435477-EEF7-3ED9-96A3-DC6DAB9851AC} = {6E435477-EEF7-3ED9-96A3-DC6DAB9851AC}
		{1C9C99A0-12A7-3621-8311-91072DBD8BB0} = {1C9C99A0-12A7-3621-8311-91072DBD8BB0}
	EndProjectSection
EndProject
Project("{8BC9CEB8-8B4A-11D0-8D11-00A0C91BC942}") = "spirv-cross-c", "rbfx\Source\ThirdParty\SPIRV-Cross\spirv-cross-c.vcxproj", "{C3BDAF46-27C2-38D7-80E2-0ACE1AE9520A}"
	ProjectSection(ProjectDependencies) = postProject
		{D6CDA697-F3FB-390B-BD78-C0986894CA6E} = {D6CDA697-F3FB-390B-BD78-C0986894CA6E}
		{EE75417E-DD99-3162-B3E0-DE8F858C2EC6} = {EE75417E-DD99-3162-B3E0-DE8F858C2EC6}
		{D2B2937A-A37D-3D6B-922C-8A72FADB515A} = {D2B2937A-A37D-3D6B-922C-8A72FADB515A}
		{E22450ED-A9CF-39BF-89DE-6A28B02423E5} = {E22450ED-A9CF-39BF-89DE-6A28B02423E5}
		{4629FA8A-F5A7-320D-B845-AC839C8807A5} = {4629FA8A-F5A7-320D-B845-AC839C8807A5}
		{87027D36-AB9D-32B2-98B7-3770B8D72187} = {87027D36-AB9D-32B2-98B7-3770B8D72187}
		{6E435477-EEF7-3ED9-96A3-DC6DAB9851AC} = {6E435477-EEF7-3ED9-96A3-DC6DAB9851AC}
	EndProjectSection
EndProject
Project("{8BC9CEB8-8B4A-11D0-8D11-00A0C91BC942}") = "spirv-cross-core", "rbfx\Source\ThirdParty\SPIRV-Cross\spirv-cross-core.vcxproj", "{EE75417E-DD99-3162-B3E0-DE8F858C2EC6}"
	ProjectSection(ProjectDependencies) = postProject
		{D6CDA697-F3FB-390B-BD78-C0986894CA6E} = {D6CDA697-F3FB-390B-BD78-C0986894CA6E}
	EndProjectSection
EndProject
Project("{8BC9CEB8-8B4A-11D0-8D11-00A0C91BC942}") = "spirv-cross-cpp", "rbfx\Source\ThirdParty\SPIRV-Cross\spirv-cross-cpp.vcxproj", "{D2B2937A-A37D-3D6B-922C-8A72FADB515A}"
	ProjectSection(ProjectDependencies) = postProject
		{D6CDA697-F3FB-390B-BD78-C0986894CA6E} = {D6CDA697-F3FB-390B-BD78-C0986894CA6E}
		{EE75417E-DD99-3162-B3E0-DE8F858C2EC6} = {EE75417E-DD99-3162-B3E0-DE8F858C2EC6}
		{E22450ED-A9CF-39BF-89DE-6A28B02423E5} = {E22450ED-A9CF-39BF-89DE-6A28B02423E5}
	EndProjectSection
EndProject
Project("{8BC9CEB8-8B4A-11D0-8D11-00A0C91BC942}") = "spirv-cross-glsl", "rbfx\Source\ThirdParty\SPIRV-Cross\spirv-cross-glsl.vcxproj", "{E22450ED-A9CF-39BF-89DE-6A28B02423E5}"
	ProjectSection(ProjectDependencies) = postProject
		{D6CDA697-F3FB-390B-BD78-C0986894CA6E} = {D6CDA697-F3FB-390B-BD78-C0986894CA6E}
		{EE75417E-DD99-3162-B3E0-DE8F858C2EC6} = {EE75417E-DD99-3162-B3E0-DE8F858C2EC6}
	EndProjectSection
EndProject
Project("{8BC9CEB8-8B4A-11D0-8D11-00A0C91BC942}") = "spirv-cross-hlsl", "rbfx\Source\ThirdParty\SPIRV-Cross\spirv-cross-hlsl.vcxproj", "{4629FA8A-F5A7-320D-B845-AC839C8807A5}"
	ProjectSection(ProjectDependencies) = postProject
		{D6CDA697-F3FB-390B-BD78-C0986894CA6E} = {D6CDA697-F3FB-390B-BD78-C0986894CA6E}
		{EE75417E-DD99-3162-B3E0-DE8F858C2EC6} = {EE75417E-DD99-3162-B3E0-DE8F858C2EC6}
		{E22450ED-A9CF-39BF-89DE-6A28B02423E5} = {E22450ED-A9CF-39BF-89DE-6A28B02423E5}
	EndProjectSection
EndProject
Project("{8BC9CEB8-8B4A-11D0-8D11-00A0C91BC942}") = "spirv-cross-msl", "rbfx\Source\ThirdParty\SPIRV-Cross\spirv-cross-msl.vcxproj", "{87027D36-AB9D-32B2-98B7-3770B8D72187}"
	ProjectSection(ProjectDependencies) = postProject
		{D6CDA697-F3FB-390B-BD78-C0986894CA6E} = {D6CDA697-F3FB-390B-BD78-C0986894CA6E}
		{EE75417E-DD99-3162-B3E0-DE8F858C2EC6} = {EE75417E-DD99-3162-B3E0-DE8F858C2EC6}
		{E22450ED-A9CF-39BF-89DE-6A28B02423E5} = {E22450ED-A9CF-39BF-89DE-6A28B02423E5}
	EndProjectSection
EndProject
Project("{8BC9CEB8-8B4A-11D0-8D11-00A0C91BC942}") = "spirv-cross-reflect", "rbfx\Source\ThirdParty\SPIRV-Cross\spirv-cross-reflect.vcxproj", "{6E435477-EEF7-3ED9-96A3-DC6DAB9851AC}"
	ProjectSection(ProjectDependencies) = postProject
		{D6CDA697-F3FB-390B-BD78-C0986894CA6E} = {D6CDA697-F3FB-390B-BD78-C0986894CA6E}
	EndProjectSection
EndProject
Project("{8BC9CEB8-8B4A-11D0-8D11-00A0C91BC942}") = "spirv-cross-util", "rbfx\Source\ThirdParty\SPIRV-Cross\spirv-cross-util.vcxproj", "{1C9C99A0-12A7-3621-8311-91072DBD8BB0}"
	ProjectSection(ProjectDependencies) = postProject
		{D6CDA697-F3FB-390B-BD78-C0986894CA6E} = {D6CDA697-F3FB-390B-BD78-C0986894CA6E}
		{EE75417E-DD99-3162-B3E0-DE8F858C2EC6} = {EE75417E-DD99-3162-B3E0-DE8F858C2EC6}
	EndProjectSection
EndProject
Project("{8BC9CEB8-8B4A-11D0-8D11-00A0C91BC942}") = "sys", "rbfx\Source\ThirdParty\embree\common\sys\sys.vcxproj", "{59C06D00-1316-3C1A-9294-749502A093B3}"
	ProjectSection(ProjectDependencies) = postProject
		{D6CDA697-F3FB-390B-BD78-C0986894CA6E} = {D6CDA697-F3FB-390B-BD78-C0986894CA6E}
	EndProjectSection
EndProject
Project("{8BC9CEB8-8B4A-11D0-8D11-00A0C91BC942}") = "tasking", "rbfx\Source\ThirdParty\embree\common\tasking\tasking.vcxproj", "{BF63F64F-2910-3EA9-9423-519A27EDCE38}"
	ProjectSection(ProjectDependencies) = postProject
		{D6CDA697-F3FB-390B-BD78-C0986894CA6E} = {D6CDA697-F3FB-390B-BD78-C0986894CA6E}
	EndProjectSection
EndProject
Project("{8BC9CEB8-8B4A-11D0-8D11-00A0C91BC942}") = "tidy", "rbfx\tidy.vcxproj", "{3B2C2588-B7E3-3EE0-8688-D0747BE876BB}"
	ProjectSection(ProjectDependencies) = postProject
		{D6CDA697-F3FB-390B-BD78-C0986894CA6E} = {D6CDA697-F3FB-390B-BD78-C0986894CA6E}
	EndProjectSection
EndProject
Project("{8BC9CEB8-8B4A-11D0-8D11-00A0C91BC942}") = "tinygltf", "rbfx\Source\ThirdParty\tinygltf\tinygltf.vcxproj", "{757BCE44-78C0-39CA-83C4-3C1359A669F4}"
	ProjectSection(ProjectDependencies) = postProject
		{29857AFC-699A-35D8-87FF-FB2A043693FD} = {29857AFC-699A-35D8-87FF-FB2A043693FD}
		{D6CDA697-F3FB-390B-BD78-C0986894CA6E} = {D6CDA697-F3FB-390B-BD78-C0986894CA6E}
	EndProjectSection
EndProject
Project("{8BC9CEB8-8B4A-11D0-8D11-00A0C91BC942}") = "xatlas", "rbfx\Source\ThirdParty\xatlas\xatlas.vcxproj", "{986F5939-7FF7-3723-9515-02A93844C197}"
	ProjectSection(ProjectDependencies) = postProject
		{D6CDA697-F3FB-390B-BD78-C0986894CA6E} = {D6CDA697-F3FB-390B-BD78-C0986894CA6E}
	EndProjectSection
EndProject
Global
	GlobalSection(SolutionConfigurationPlatforms) = preSolution
		Debug|win32 = Debug|win32
		Release|win32 = Release|win32
		RelWithDebInfo|win32 = RelWithDebInfo|win32
	EndGlobalSection
	GlobalSection(ProjectConfigurationPlatforms) = postSolution
		{83B1F146-6D03-3C9C-B053-08E1C2734CC5}.Debug|win32.ActiveCfg = Debug|win32
		{83B1F146-6D03-3C9C-B053-08E1C2734CC5}.Debug|win32.Build.0 = Debug|win32
		{83B1F146-6D03-3C9C-B053-08E1C2734CC5}.Release|win32.ActiveCfg = Release|win32
		{83B1F146-6D03-3C9C-B053-08E1C2734CC5}.Release|win32.Build.0 = Release|win32
		{83B1F146-6D03-3C9C-B053-08E1C2734CC5}.RelWithDebInfo|win32.ActiveCfg = RelWithDebInfo|win32
		{83B1F146-6D03-3C9C-B053-08E1C2734CC5}.RelWithDebInfo|win32.Build.0 = RelWithDebInfo|win32
		{5F4E1FB8-E115-30F6-BCB0-78EA3AFD8D0E}.Debug|win32.ActiveCfg = Debug|win32
		{5F4E1FB8-E115-30F6-BCB0-78EA3AFD8D0E}.Debug|win32.Build.0 = Debug|win32
		{5F4E1FB8-E115-30F6-BCB0-78EA3AFD8D0E}.Release|win32.ActiveCfg = Release|win32
		{5F4E1FB8-E115-30F6-BCB0-78EA3AFD8D0E}.Release|win32.Build.0 = Release|win32
		{5F4E1FB8-E115-30F6-BCB0-78EA3AFD8D0E}.RelWithDebInfo|win32.ActiveCfg = RelWithDebInfo|win32
		{5F4E1FB8-E115-30F6-BCB0-78EA3AFD8D0E}.RelWithDebInfo|win32.Build.0 = RelWithDebInfo|win32
		{8DC26617-2C85-386F-A94A-868E180B6E6F}.Debug|win32.ActiveCfg = Debug|win32
		{8DC26617-2C85-386F-A94A-868E180B6E6F}.Debug|win32.Build.0 = Debug|win32
		{8DC26617-2C85-386F-A94A-868E180B6E6F}.Release|win32.ActiveCfg = Release|win32
		{8DC26617-2C85-386F-A94A-868E180B6E6F}.Release|win32.Build.0 = Release|win32
		{8DC26617-2C85-386F-A94A-868E180B6E6F}.RelWithDebInfo|win32.ActiveCfg = RelWithDebInfo|win32
		{8DC26617-2C85-386F-A94A-868E180B6E6F}.RelWithDebInfo|win32.Build.0 = RelWithDebInfo|win32
		{5C00B718-E9ED-3E88-930F-0DDB0C10BF89}.Debug|win32.ActiveCfg = Debug|win32
		{5C00B718-E9ED-3E88-930F-0DDB0C10BF89}.Debug|win32.Build.0 = Debug|win32
		{5C00B718-E9ED-3E88-930F-0DDB0C10BF89}.Release|win32.ActiveCfg = Release|win32
		{5C00B718-E9ED-3E88-930F-0DDB0C10BF89}.Release|win32.Build.0 = Release|win32
		{5C00B718-E9ED-3E88-930F-0DDB0C10BF89}.RelWithDebInfo|win32.ActiveCfg = RelWithDebInfo|win32
		{5C00B718-E9ED-3E88-930F-0DDB0C10BF89}.RelWithDebInfo|win32.Build.0 = RelWithDebInfo|win32
		{ACCCB4F0-A923-3E59-9096-7AEF5C218F55}.Debug|win32.ActiveCfg = Debug|win32
		{ACCCB4F0-A923-3E59-9096-7AEF5C218F55}.Debug|win32.Build.0 = Debug|win32
		{ACCCB4F0-A923-3E59-9096-7AEF5C218F55}.Release|win32.ActiveCfg = Release|win32
		{ACCCB4F0-A923-3E59-9096-7AEF5C218F55}.Release|win32.Build.0 = Release|win32
		{ACCCB4F0-A923-3E59-9096-7AEF5C218F55}.RelWithDebInfo|win32.ActiveCfg = RelWithDebInfo|win32
		{ACCCB4F0-A923-3E59-9096-7AEF5C218F55}.RelWithDebInfo|win32.Build.0 = RelWithDebInfo|win32
		{46D3C5DF-46BB-3025-9268-C746230FD57F}.Debug|win32.ActiveCfg = Debug|win32
		{46D3C5DF-46BB-3025-9268-C746230FD57F}.Debug|win32.Build.0 = Debug|win32
		{46D3C5DF-46BB-3025-9268-C746230FD57F}.Release|win32.ActiveCfg = Release|win32
		{46D3C5DF-46BB-3025-9268-C746230FD57F}.Release|win32.Build.0 = Release|win32
		{46D3C5DF-46BB-3025-9268-C746230FD57F}.RelWithDebInfo|win32.ActiveCfg = RelWithDebInfo|win32
		{46D3C5DF-46BB-3025-9268-C746230FD57F}.RelWithDebInfo|win32.Build.0 = RelWithDebInfo|win32
		{134A972E-4DF8-3BA6-B4D7-652290020EAE}.Debug|win32.ActiveCfg = Debug|win32
		{134A972E-4DF8-3BA6-B4D7-652290020EAE}.Debug|win32.Build.0 = Debug|win32
		{134A972E-4DF8-3BA6-B4D7-652290020EAE}.Release|win32.ActiveCfg = Release|win32
		{134A972E-4DF8-3BA6-B4D7-652290020EAE}.Release|win32.Build.0 = Release|win32
		{134A972E-4DF8-3BA6-B4D7-652290020EAE}.RelWithDebInfo|win32.ActiveCfg = RelWithDebInfo|win32
		{134A972E-4DF8-3BA6-B4D7-652290020EAE}.RelWithDebInfo|win32.Build.0 = RelWithDebInfo|win32
		{81BEA5A7-B10C-3F94-8953-2006BA5E449D}.Debug|win32.ActiveCfg = Debug|win32
		{81BEA5A7-B10C-3F94-8953-2006BA5E449D}.Debug|win32.Build.0 = Debug|win32
		{81BEA5A7-B10C-3F94-8953-2006BA5E449D}.Release|win32.ActiveCfg = Release|win32
		{81BEA5A7-B10C-3F94-8953-2006BA5E449D}.Release|win32.Build.0 = Release|win32
		{81BEA5A7-B10C-3F94-8953-2006BA5E449D}.RelWithDebInfo|win32.ActiveCfg = RelWithDebInfo|win32
		{81BEA5A7-B10C-3F94-8953-2006BA5E449D}.RelWithDebInfo|win32.Build.0 = RelWithDebInfo|win32
		{04171F59-9A71-3C93-A71C-1D66A9B05A0C}.Debug|win32.ActiveCfg = Debug|win32
		{04171F59-9A71-3C93-A71C-1D66A9B05A0C}.Debug|win32.Build.0 = Debug|win32
		{04171F59-9A71-3C93-A71C-1D66A9B05A0C}.Release|win32.ActiveCfg = Release|win32
		{04171F59-9A71-3C93-A71C-1D66A9B05A0C}.Release|win32.Build.0 = Release|win32
		{04171F59-9A71-3C93-A71C-1D66A9B05A0C}.RelWithDebInfo|win32.ActiveCfg = RelWithDebInfo|win32
		{04171F59-9A71-3C93-A71C-1D66A9B05A0C}.RelWithDebInfo|win32.Build.0 = RelWithDebInfo|win32
		{8670ACF6-8F08-33EA-B91D-507A78CBDB36}.Debug|win32.ActiveCfg = Debug|win32
		{8670ACF6-8F08-33EA-B91D-507A78CBDB36}.Debug|win32.Build.0 = Debug|win32
		{8670ACF6-8F08-33EA-B91D-507A78CBDB36}.Release|win32.ActiveCfg = Release|win32
		{8670ACF6-8F08-33EA-B91D-507A78CBDB36}.Release|win32.Build.0 = Release|win32
		{8670ACF6-8F08-33EA-B91D-507A78CBDB36}.RelWithDebInfo|win32.ActiveCfg = RelWithDebInfo|win32
		{8670ACF6-8F08-33EA-B91D-507A78CBDB36}.RelWithDebInfo|win32.Build.0 = RelWithDebInfo|win32
		{142CA677-1158-3255-B5F1-EB803C928EA8}.Debug|win32.ActiveCfg = Debug|win32
		{142CA677-1158-3255-B5F1-EB803C928EA8}.Debug|win32.Build.0 = Debug|win32
		{142CA677-1158-3255-B5F1-EB803C928EA8}.Release|win32.ActiveCfg = Release|win32
		{142CA677-1158-3255-B5F1-EB803C928EA8}.Release|win32.Build.0 = Release|win32
		{142CA677-1158-3255-B5F1-EB803C928EA8}.RelWithDebInfo|win32.ActiveCfg = RelWithDebInfo|win32
		{142CA677-1158-3255-B5F1-EB803C928EA8}.RelWithDebInfo|win32.Build.0 = RelWithDebInfo|win32
		{4B9118D4-2215-3700-947F-44C25A1E3F88}.Debug|win32.ActiveCfg = Debug|win32
		{4B9118D4-2215-3700-947F-44C25A1E3F88}.Debug|win32.Build.0 = Debug|win32
		{4B9118D4-2215-3700-947F-44C25A1E3F88}.Release|win32.ActiveCfg = Release|win32
		{4B9118D4-2215-3700-947F-44C25A1E3F88}.Release|win32.Build.0 = Release|win32
		{4B9118D4-2215-3700-947F-44C25A1E3F88}.RelWithDebInfo|win32.ActiveCfg = RelWithDebInfo|win32
		{4B9118D4-2215-3700-947F-44C25A1E3F88}.RelWithDebInfo|win32.Build.0 = RelWithDebInfo|win32
		{DA2524FC-D9DB-3CA4-B018-78FF33BAC7F1}.Debug|win32.ActiveCfg = Debug|win32
		{DA2524FC-D9DB-3CA4-B018-78FF33BAC7F1}.Debug|win32.Build.0 = Debug|win32
		{DA2524FC-D9DB-3CA4-B018-78FF33BAC7F1}.Release|win32.ActiveCfg = Release|win32
		{DA2524FC-D9DB-3CA4-B018-78FF33BAC7F1}.Release|win32.Build.0 = Release|win32
		{DA2524FC-D9DB-3CA4-B018-78FF33BAC7F1}.RelWithDebInfo|win32.ActiveCfg = RelWithDebInfo|win32
		{DA2524FC-D9DB-3CA4-B018-78FF33BAC7F1}.RelWithDebInfo|win32.Build.0 = RelWithDebInfo|win32
		{8C81285C-74FF-357A-BCD3-C693E4BE2645}.Debug|win32.ActiveCfg = Debug|win32
		{8C81285C-74FF-357A-BCD3-C693E4BE2645}.Debug|win32.Build.0 = Debug|win32
		{8C81285C-74FF-357A-BCD3-C693E4BE2645}.Release|win32.ActiveCfg = Release|win32
		{8C81285C-74FF-357A-BCD3-C693E4BE2645}.Release|win32.Build.0 = Release|win32
		{8C81285C-74FF-357A-BCD3-C693E4BE2645}.RelWithDebInfo|win32.ActiveCfg = RelWithDebInfo|win32
		{8C81285C-74FF-357A-BCD3-C693E4BE2645}.RelWithDebInfo|win32.Build.0 = RelWithDebInfo|win32
		{4679A5AE-591E-330B-A20B-7DD4E75A779F}.Debug|win32.ActiveCfg = Debug|win32
		{4679A5AE-591E-330B-A20B-7DD4E75A779F}.Debug|win32.Build.0 = Debug|win32
		{4679A5AE-591E-330B-A20B-7DD4E75A779F}.Release|win32.ActiveCfg = Release|win32
		{4679A5AE-591E-330B-A20B-7DD4E75A779F}.Release|win32.Build.0 = Release|win32
		{4679A5AE-591E-330B-A20B-7DD4E75A779F}.RelWithDebInfo|win32.ActiveCfg = RelWithDebInfo|win32
		{4679A5AE-591E-330B-A20B-7DD4E75A779F}.RelWithDebInfo|win32.Build.0 = RelWithDebInfo|win32
		{68F16012-A2E2-3F51-BF94-E042589290E8}.Debug|win32.ActiveCfg = Debug|win32
		{68F16012-A2E2-3F51-BF94-E042589290E8}.Debug|win32.Build.0 = Debug|win32
		{68F16012-A2E2-3F51-BF94-E042589290E8}.Release|win32.ActiveCfg = Release|win32
		{68F16012-A2E2-3F51-BF94-E042589290E8}.Release|win32.Build.0 = Release|win32
		{68F16012-A2E2-3F51-BF94-E042589290E8}.RelWithDebInfo|win32.ActiveCfg = RelWithDebInfo|win32
		{68F16012-A2E2-3F51-BF94-E042589290E8}.RelWithDebInfo|win32.Build.0 = RelWithDebInfo|win32
		{DDDC31F5-8054-3DF8-81CA-B76223179108}.Debug|win32.ActiveCfg = Debug|win32
		{DDDC31F5-8054-3DF8-81CA-B76223179108}.Release|win32.ActiveCfg = Release|win32
		{DDDC31F5-8054-3DF8-81CA-B76223179108}.RelWithDebInfo|win32.ActiveCfg = RelWithDebInfo|win32
		{3E71577B-BC39-39BB-A745-124F925C5452}.Debug|win32.ActiveCfg = Debug|win32
		{3E71577B-BC39-39BB-A745-124F925C5452}.Debug|win32.Build.0 = Debug|win32
		{3E71577B-BC39-39BB-A745-124F925C5452}.Release|win32.ActiveCfg = Release|win32
		{3E71577B-BC39-39BB-A745-124F925C5452}.Release|win32.Build.0 = Release|win32
		{3E71577B-BC39-39BB-A745-124F925C5452}.RelWithDebInfo|win32.ActiveCfg = RelWithDebInfo|win32
		{3E71577B-BC39-39BB-A745-124F925C5452}.RelWithDebInfo|win32.Build.0 = RelWithDebInfo|win32
		{33A5ED17-51C6-300C-A685-6135D2840512}.Debug|win32.ActiveCfg = Debug|win32
		{33A5ED17-51C6-300C-A685-6135D2840512}.Debug|win32.Build.0 = Debug|win32
		{33A5ED17-51C6-300C-A685-6135D2840512}.Release|win32.ActiveCfg = Release|win32
		{33A5ED17-51C6-300C-A685-6135D2840512}.Release|win32.Build.0 = Release|win32
		{33A5ED17-51C6-300C-A685-6135D2840512}.RelWithDebInfo|win32.ActiveCfg = RelWithDebInfo|win32
		{33A5ED17-51C6-300C-A685-6135D2840512}.RelWithDebInfo|win32.Build.0 = RelWithDebInfo|win32
		{A5DD2675-B402-3B71-BDE3-7F4B0C17C845}.Debug|win32.ActiveCfg = Debug|win32
		{A5DD2675-B402-3B71-BDE3-7F4B0C17C845}.Debug|win32.Build.0 = Debug|win32
		{A5DD2675-B402-3B71-BDE3-7F4B0C17C845}.Release|win32.ActiveCfg = Release|win32
		{A5DD2675-B402-3B71-BDE3-7F4B0C17C845}.Release|win32.Build.0 = Release|win32
		{A5DD2675-B402-3B71-BDE3-7F4B0C17C845}.RelWithDebInfo|win32.ActiveCfg = RelWithDebInfo|win32
		{A5DD2675-B402-3B71-BDE3-7F4B0C17C845}.RelWithDebInfo|win32.Build.0 = RelWithDebInfo|win32
		{15F98999-601D-3D38-B176-33F64370A16C}.Debug|win32.ActiveCfg = Debug|win32
		{15F98999-601D-3D38-B176-33F64370A16C}.Debug|win32.Build.0 = Debug|win32
		{15F98999-601D-3D38-B176-33F64370A16C}.Release|win32.ActiveCfg = Release|win32
		{15F98999-601D-3D38-B176-33F64370A16C}.Release|win32.Build.0 = Release|win32
		{15F98999-601D-3D38-B176-33F64370A16C}.RelWithDebInfo|win32.ActiveCfg = RelWithDebInfo|win32
		{15F98999-601D-3D38-B176-33F64370A16C}.RelWithDebInfo|win32.Build.0 = RelWithDebInfo|win32
		{578C7613-92EF-3981-8117-9BF5C8581CEF}.Debug|win32.ActiveCfg = Debug|win32
		{578C7613-92EF-3981-8117-9BF5C8581CEF}.Debug|win32.Build.0 = Debug|win32
		{578C7613-92EF-3981-8117-9BF5C8581CEF}.Release|win32.ActiveCfg = Release|win32
		{578C7613-92EF-3981-8117-9BF5C8581CEF}.Release|win32.Build.0 = Release|win32
		{578C7613-92EF-3981-8117-9BF5C8581CEF}.RelWithDebInfo|win32.ActiveCfg = RelWithDebInfo|win32
		{578C7613-92EF-3981-8117-9BF5C8581CEF}.RelWithDebInfo|win32.Build.0 = RelWithDebInfo|win32
		{14128943-4B29-31D7-BF1C-EB88E503012C}.Debug|win32.ActiveCfg = Debug|win32
		{14128943-4B29-31D7-BF1C-EB88E503012C}.Debug|win32.Build.0 = Debug|win32
		{14128943-4B29-31D7-BF1C-EB88E503012C}.Release|win32.ActiveCfg = Release|win32
		{14128943-4B29-31D7-BF1C-EB88E503012C}.Release|win32.Build.0 = Release|win32
		{14128943-4B29-31D7-BF1C-EB88E503012C}.RelWithDebInfo|win32.ActiveCfg = RelWithDebInfo|win32
		{14128943-4B29-31D7-BF1C-EB88E503012C}.RelWithDebInfo|win32.Build.0 = RelWithDebInfo|win32
		{71416E4E-954E-3372-BD74-BACFFA291093}.Debug|win32.ActiveCfg = Debug|win32
		{71416E4E-954E-3372-BD74-BACFFA291093}.Debug|win32.Build.0 = Debug|win32
		{71416E4E-954E-3372-BD74-BACFFA291093}.Release|win32.ActiveCfg = Release|win32
		{71416E4E-954E-3372-BD74-BACFFA291093}.Release|win32.Build.0 = Release|win32
		{71416E4E-954E-3372-BD74-BACFFA291093}.RelWithDebInfo|win32.ActiveCfg = RelWithDebInfo|win32
		{71416E4E-954E-3372-BD74-BACFFA291093}.RelWithDebInfo|win32.Build.0 = RelWithDebInfo|win32
		{DE23D058-F223-3548-AA98-B88B9DAC3E16}.Debug|win32.ActiveCfg = Debug|win32
		{DE23D058-F223-3548-AA98-B88B9DAC3E16}.Debug|win32.Build.0 = Debug|win32
		{DE23D058-F223-3548-AA98-B88B9DAC3E16}.Release|win32.ActiveCfg = Release|win32
		{DE23D058-F223-3548-AA98-B88B9DAC3E16}.Release|win32.Build.0 = Release|win32
		{DE23D058-F223-3548-AA98-B88B9DAC3E16}.RelWithDebInfo|win32.ActiveCfg = RelWithDebInfo|win32
		{DE23D058-F223-3548-AA98-B88B9DAC3E16}.RelWithDebInfo|win32.Build.0 = RelWithDebInfo|win32
		{CDE5A8A0-0106-30CC-B9DF-F044F6980998}.Debug|win32.ActiveCfg = Debug|win32
		{CDE5A8A0-0106-30CC-B9DF-F044F6980998}.Debug|win32.Build.0 = Debug|win32
		{CDE5A8A0-0106-30CC-B9DF-F044F6980998}.Release|win32.ActiveCfg = Release|win32
		{CDE5A8A0-0106-30CC-B9DF-F044F6980998}.Release|win32.Build.0 = Release|win32
		{CDE5A8A0-0106-30CC-B9DF-F044F6980998}.RelWithDebInfo|win32.ActiveCfg = RelWithDebInfo|win32
		{CDE5A8A0-0106-30CC-B9DF-F044F6980998}.RelWithDebInfo|win32.Build.0 = RelWithDebInfo|win32
		{FC3BDFFE-A773-346E-9565-64F47F067B9A}.Debug|win32.ActiveCfg = Debug|win32
		{FC3BDFFE-A773-346E-9565-64F47F067B9A}.Debug|win32.Build.0 = Debug|win32
		{FC3BDFFE-A773-346E-9565-64F47F067B9A}.Release|win32.ActiveCfg = Release|win32
		{FC3BDFFE-A773-346E-9565-64F47F067B9A}.Release|win32.Build.0 = Release|win32
		{FC3BDFFE-A773-346E-9565-64F47F067B9A}.RelWithDebInfo|win32.ActiveCfg = RelWithDebInfo|win32
		{FC3BDFFE-A773-346E-9565-64F47F067B9A}.RelWithDebInfo|win32.Build.0 = RelWithDebInfo|win32
		{D878F8D2-A32E-38B2-8E3B-4EF39BA6F0D1}.Debug|win32.ActiveCfg = Debug|win32
		{D878F8D2-A32E-38B2-8E3B-4EF39BA6F0D1}.Debug|win32.Build.0 = Debug|win32
		{D878F8D2-A32E-38B2-8E3B-4EF39BA6F0D1}.Release|win32.ActiveCfg = Release|win32
		{D878F8D2-A32E-38B2-8E3B-4EF39BA6F0D1}.Release|win32.Build.0 = Release|win32
		{D878F8D2-A32E-38B2-8E3B-4EF39BA6F0D1}.RelWithDebInfo|win32.ActiveCfg = RelWithDebInfo|win32
		{D878F8D2-A32E-38B2-8E3B-4EF39BA6F0D1}.RelWithDebInfo|win32.Build.0 = RelWithDebInfo|win32
		{8CA266C8-31DF-3530-9BBE-DDE287E8AAFA}.Debug|win32.ActiveCfg = Debug|win32
		{8CA266C8-31DF-3530-9BBE-DDE287E8AAFA}.Debug|win32.Build.0 = Debug|win32
		{8CA266C8-31DF-3530-9BBE-DDE287E8AAFA}.Release|win32.ActiveCfg = Release|win32
		{8CA266C8-31DF-3530-9BBE-DDE287E8AAFA}.Release|win32.Build.0 = Release|win32
		{8CA266C8-31DF-3530-9BBE-DDE287E8AAFA}.RelWithDebInfo|win32.ActiveCfg = RelWithDebInfo|win32
		{8CA266C8-31DF-3530-9BBE-DDE287E8AAFA}.RelWithDebInfo|win32.Build.0 = RelWithDebInfo|win32
		{624852B1-4356-3489-9779-A3E853B7FF19}.Debug|win32.ActiveCfg = Debug|win32
		{624852B1-4356-3489-9779-A3E853B7FF19}.Debug|win32.Build.0 = Debug|win32
		{624852B1-4356-3489-9779-A3E853B7FF19}.Release|win32.ActiveCfg = Release|win32
		{624852B1-4356-3489-9779-A3E853B7FF19}.Release|win32.Build.0 = Release|win32
		{624852B1-4356-3489-9779-A3E853B7FF19}.RelWithDebInfo|win32.ActiveCfg = RelWithDebInfo|win32
		{624852B1-4356-3489-9779-A3E853B7FF19}.RelWithDebInfo|win32.Build.0 = RelWithDebInfo|win32
		{AD223C3A-26AB-38BA-A875-57834A9D7249}.Debug|win32.ActiveCfg = Debug|win32
		{AD223C3A-26AB-38BA-A875-57834A9D7249}.Debug|win32.Build.0 = Debug|win32
		{AD223C3A-26AB-38BA-A875-57834A9D7249}.Release|win32.ActiveCfg = Release|win32
		{AD223C3A-26AB-38BA-A875-57834A9D7249}.Release|win32.Build.0 = Release|win32
		{AD223C3A-26AB-38BA-A875-57834A9D7249}.RelWithDebInfo|win32.ActiveCfg = RelWithDebInfo|win32
		{AD223C3A-26AB-38BA-A875-57834A9D7249}.RelWithDebInfo|win32.Build.0 = RelWithDebInfo|win32
		{3934BD1C-D455-3058-BDF3-8418101D8E83}.Debug|win32.ActiveCfg = Debug|win32
		{3934BD1C-D455-3058-BDF3-8418101D8E83}.Debug|win32.Build.0 = Debug|win32
		{3934BD1C-D455-3058-BDF3-8418101D8E83}.Release|win32.ActiveCfg = Release|win32
		{3934BD1C-D455-3058-BDF3-8418101D8E83}.Release|win32.Build.0 = Release|win32
		{3934BD1C-D455-3058-BDF3-8418101D8E83}.RelWithDebInfo|win32.ActiveCfg = RelWithDebInfo|win32
		{3934BD1C-D455-3058-BDF3-8418101D8E83}.RelWithDebInfo|win32.Build.0 = RelWithDebInfo|win32
		{B00A0AF3-CA35-3772-AE64-E9236C3D6B74}.Debug|win32.ActiveCfg = Debug|win32
		{B00A0AF3-CA35-3772-AE64-E9236C3D6B74}.Debug|win32.Build.0 = Debug|win32
		{B00A0AF3-CA35-3772-AE64-E9236C3D6B74}.Release|win32.ActiveCfg = Release|win32
		{B00A0AF3-CA35-3772-AE64-E9236C3D6B74}.Release|win32.Build.0 = Release|win32
		{B00A0AF3-CA35-3772-AE64-E9236C3D6B74}.RelWithDebInfo|win32.ActiveCfg = RelWithDebInfo|win32
		{B00A0AF3-CA35-3772-AE64-E9236C3D6B74}.RelWithDebInfo|win32.Build.0 = RelWithDebInfo|win32
		{56B84C38-A259-334A-9488-AAB4F94F0313}.Debug|win32.ActiveCfg = Debug|win32
		{56B84C38-A259-334A-9488-AAB4F94F0313}.Debug|win32.Build.0 = Debug|win32
		{56B84C38-A259-334A-9488-AAB4F94F0313}.Release|win32.ActiveCfg = Release|win32
		{56B84C38-A259-334A-9488-AAB4F94F0313}.Release|win32.Build.0 = Release|win32
		{56B84C38-A259-334A-9488-AAB4F94F0313}.RelWithDebInfo|win32.ActiveCfg = RelWithDebInfo|win32
		{56B84C38-A259-334A-9488-AAB4F94F0313}.RelWithDebInfo|win32.Build.0 = RelWithDebInfo|win32
		{940AA3F5-A7DA-3B3C-9E75-8E2ABD23346A}.Debug|win32.ActiveCfg = Debug|win32
		{940AA3F5-A7DA-3B3C-9E75-8E2ABD23346A}.Debug|win32.Build.0 = Debug|win32
		{940AA3F5-A7DA-3B3C-9E75-8E2ABD23346A}.Release|win32.ActiveCfg = Release|win32
		{940AA3F5-A7DA-3B3C-9E75-8E2ABD23346A}.Release|win32.Build.0 = Release|win32
		{940AA3F5-A7DA-3B3C-9E75-8E2ABD23346A}.RelWithDebInfo|win32.ActiveCfg = RelWithDebInfo|win32
		{940AA3F5-A7DA-3B3C-9E75-8E2ABD23346A}.RelWithDebInfo|win32.Build.0 = RelWithDebInfo|win32
		{29857AFC-699A-35D8-87FF-FB2A043693FD}.Debug|win32.ActiveCfg = Debug|win32
		{29857AFC-699A-35D8-87FF-FB2A043693FD}.Debug|win32.Build.0 = Debug|win32
		{29857AFC-699A-35D8-87FF-FB2A043693FD}.Release|win32.ActiveCfg = Release|win32
		{29857AFC-699A-35D8-87FF-FB2A043693FD}.Release|win32.Build.0 = Release|win32
		{29857AFC-699A-35D8-87FF-FB2A043693FD}.RelWithDebInfo|win32.ActiveCfg = RelWithDebInfo|win32
		{29857AFC-699A-35D8-87FF-FB2A043693FD}.RelWithDebInfo|win32.Build.0 = RelWithDebInfo|win32
		{E0D94EE6-2AE0-3130-99B4-9164AFA7A5B8}.Debug|win32.ActiveCfg = Debug|win32
		{E0D94EE6-2AE0-3130-99B4-9164AFA7A5B8}.Debug|win32.Build.0 = Debug|win32
		{E0D94EE6-2AE0-3130-99B4-9164AFA7A5B8}.Release|win32.ActiveCfg = Release|win32
		{E0D94EE6-2AE0-3130-99B4-9164AFA7A5B8}.Release|win32.Build.0 = Release|win32
		{E0D94EE6-2AE0-3130-99B4-9164AFA7A5B8}.RelWithDebInfo|win32.ActiveCfg = RelWithDebInfo|win32
		{E0D94EE6-2AE0-3130-99B4-9164AFA7A5B8}.RelWithDebInfo|win32.Build.0 = RelWithDebInfo|win32
		{218FEBDE-85A5-31A9-A2EE-7DFFDF9A051B}.Debug|win32.ActiveCfg = Debug|win32
		{218FEBDE-85A5-31A9-A2EE-7DFFDF9A051B}.Debug|win32.Build.0 = Debug|win32
		{218FEBDE-85A5-31A9-A2EE-7DFFDF9A051B}.Release|win32.ActiveCfg = Release|win32
		{218FEBDE-85A5-31A9-A2EE-7DFFDF9A051B}.Release|win32.Build.0 = Release|win32
		{218FEBDE-85A5-31A9-A2EE-7DFFDF9A051B}.RelWithDebInfo|win32.ActiveCfg = RelWithDebInfo|win32
		{218FEBDE-85A5-31A9-A2EE-7DFFDF9A051B}.RelWithDebInfo|win32.Build.0 = RelWithDebInfo|win32
		{5918A170-93B7-3FFF-BC11-D70BC192E913}.Debug|win32.ActiveCfg = Debug|win32
		{5918A170-93B7-3FFF-BC11-D70BC192E913}.Debug|win32.Build.0 = Debug|win32
		{5918A170-93B7-3FFF-BC11-D70BC192E913}.Release|win32.ActiveCfg = Release|win32
		{5918A170-93B7-3FFF-BC11-D70BC192E913}.Release|win32.Build.0 = Release|win32
		{5918A170-93B7-3FFF-BC11-D70BC192E913}.RelWithDebInfo|win32.ActiveCfg = RelWithDebInfo|win32
		{5918A170-93B7-3FFF-BC11-D70BC192E913}.RelWithDebInfo|win32.Build.0 = RelWithDebInfo|win32
		{8754D7BB-B716-32EC-A4AB-8A3F66F1A9DD}.Debug|win32.ActiveCfg = Debug|win32
		{8754D7BB-B716-32EC-A4AB-8A3F66F1A9DD}.Debug|win32.Build.0 = Debug|win32
		{8754D7BB-B716-32EC-A4AB-8A3F66F1A9DD}.Release|win32.ActiveCfg = Release|win32
		{8754D7BB-B716-32EC-A4AB-8A3F66F1A9DD}.Release|win32.Build.0 = Release|win32
		{8754D7BB-B716-32EC-A4AB-8A3F66F1A9DD}.RelWithDebInfo|win32.ActiveCfg = RelWithDebInfo|win32
		{8754D7BB-B716-32EC-A4AB-8A3F66F1A9DD}.RelWithDebInfo|win32.Build.0 = RelWithDebInfo|win32
		{1FA77D53-A66B-322F-B82C-3F65BBA22DF9}.Debug|win32.ActiveCfg = Debug|win32
		{1FA77D53-A66B-322F-B82C-3F65BBA22DF9}.Debug|win32.Build.0 = Debug|win32
		{1FA77D53-A66B-322F-B82C-3F65BBA22DF9}.Release|win32.ActiveCfg = Release|win32
		{1FA77D53-A66B-322F-B82C-3F65BBA22DF9}.Release|win32.Build.0 = Release|win32
		{1FA77D53-A66B-322F-B82C-3F65BBA22DF9}.RelWithDebInfo|win32.ActiveCfg = RelWithDebInfo|win32
		{1FA77D53-A66B-322F-B82C-3F65BBA22DF9}.RelWithDebInfo|win32.Build.0 = RelWithDebInfo|win32
		{5365AC13-434A-3FD1-AF2E-5CD02BC0989E}.Debug|win32.ActiveCfg = Debug|win32
		{5365AC13-434A-3FD1-AF2E-5CD02BC0989E}.Debug|win32.Build.0 = Debug|win32
		{5365AC13-434A-3FD1-AF2E-5CD02BC0989E}.Release|win32.ActiveCfg = Release|win32
		{5365AC13-434A-3FD1-AF2E-5CD02BC0989E}.Release|win32.Build.0 = Release|win32
		{5365AC13-434A-3FD1-AF2E-5CD02BC0989E}.RelWithDebInfo|win32.ActiveCfg = RelWithDebInfo|win32
		{5365AC13-434A-3FD1-AF2E-5CD02BC0989E}.RelWithDebInfo|win32.Build.0 = RelWithDebInfo|win32
		{1542AD5D-C0C3-3329-AA96-B4ED5E2F1203}.Debug|win32.ActiveCfg = Debug|win32
		{1542AD5D-C0C3-3329-AA96-B4ED5E2F1203}.Debug|win32.Build.0 = Debug|win32
		{1542AD5D-C0C3-3329-AA96-B4ED5E2F1203}.Release|win32.ActiveCfg = Release|win32
		{1542AD5D-C0C3-3329-AA96-B4ED5E2F1203}.Release|win32.Build.0 = Release|win32
		{1542AD5D-C0C3-3329-AA96-B4ED5E2F1203}.RelWithDebInfo|win32.ActiveCfg = RelWithDebInfo|win32
		{1542AD5D-C0C3-3329-AA96-B4ED5E2F1203}.RelWithDebInfo|win32.Build.0 = RelWithDebInfo|win32
		{6144A86C-93F6-3343-B718-A4789B01D235}.Debug|win32.ActiveCfg = Debug|win32
		{6144A86C-93F6-3343-B718-A4789B01D235}.Debug|win32.Build.0 = Debug|win32
		{6144A86C-93F6-3343-B718-A4789B01D235}.Release|win32.ActiveCfg = Release|win32
		{6144A86C-93F6-3343-B718-A4789B01D235}.Release|win32.Build.0 = Release|win32
		{6144A86C-93F6-3343-B718-A4789B01D235}.RelWithDebInfo|win32.ActiveCfg = RelWithDebInfo|win32
		{6144A86C-93F6-3343-B718-A4789B01D235}.RelWithDebInfo|win32.Build.0 = RelWithDebInfo|win32
		{CD744C17-1312-38A8-BC68-9375DF5608CE}.Debug|win32.ActiveCfg = Debug|win32
		{CD744C17-1312-38A8-BC68-9375DF5608CE}.Debug|win32.Build.0 = Debug|win32
		{CD744C17-1312-38A8-BC68-9375DF5608CE}.Release|win32.ActiveCfg = Release|win32
		{CD744C17-1312-38A8-BC68-9375DF5608CE}.Release|win32.Build.0 = Release|win32
		{CD744C17-1312-38A8-BC68-9375DF5608CE}.RelWithDebInfo|win32.ActiveCfg = RelWithDebInfo|win32
		{CD744C17-1312-38A8-BC68-9375DF5608CE}.RelWithDebInfo|win32.Build.0 = RelWithDebInfo|win32
		{AD10F7B1-8E65-31A7-BA0A-90DCD7F211BF}.Debug|win32.ActiveCfg = Debug|win32
		{AD10F7B1-8E65-31A7-BA0A-90DCD7F211BF}.Debug|win32.Build.0 = Debug|win32
		{AD10F7B1-8E65-31A7-BA0A-90DCD7F211BF}.Release|win32.ActiveCfg = Release|win32
		{AD10F7B1-8E65-31A7-BA0A-90DCD7F211BF}.Release|win32.Build.0 = Release|win32
		{AD10F7B1-8E65-31A7-BA0A-90DCD7F211BF}.RelWithDebInfo|win32.ActiveCfg = RelWithDebInfo|win32
		{AD10F7B1-8E65-31A7-BA0A-90DCD7F211BF}.RelWithDebInfo|win32.Build.0 = RelWithDebInfo|win32
		{D6CDA697-F3FB-390B-BD78-C0986894CA6E}.Debug|win32.ActiveCfg = Debug|win32
		{D6CDA697-F3FB-390B-BD78-C0986894CA6E}.Debug|win32.Build.0 = Debug|win32
		{D6CDA697-F3FB-390B-BD78-C0986894CA6E}.Release|win32.ActiveCfg = Release|win32
		{D6CDA697-F3FB-390B-BD78-C0986894CA6E}.Release|win32.Build.0 = Release|win32
		{D6CDA697-F3FB-390B-BD78-C0986894CA6E}.RelWithDebInfo|win32.ActiveCfg = RelWithDebInfo|win32
		{D6CDA697-F3FB-390B-BD78-C0986894CA6E}.RelWithDebInfo|win32.Build.0 = RelWithDebInfo|win32
		{352EBFBA-3810-3082-9BD5-60B873A04090}.Debug|win32.ActiveCfg = Debug|win32
		{352EBFBA-3810-3082-9BD5-60B873A04090}.Debug|win32.Build.0 = Debug|win32
		{352EBFBA-3810-3082-9BD5-60B873A04090}.Release|win32.ActiveCfg = Release|win32
		{352EBFBA-3810-3082-9BD5-60B873A04090}.Release|win32.Build.0 = Release|win32
		{352EBFBA-3810-3082-9BD5-60B873A04090}.RelWithDebInfo|win32.ActiveCfg = RelWithDebInfo|win32
		{352EBFBA-3810-3082-9BD5-60B873A04090}.RelWithDebInfo|win32.Build.0 = RelWithDebInfo|win32
		{1AB362CE-2BD6-3C57-9577-FCA42936BB7F}.Debug|win32.ActiveCfg = Debug|win32
		{1AB362CE-2BD6-3C57-9577-FCA42936BB7F}.Debug|win32.Build.0 = Debug|win32
		{1AB362CE-2BD6-3C57-9577-FCA42936BB7F}.Release|win32.ActiveCfg = Release|win32
		{1AB362CE-2BD6-3C57-9577-FCA42936BB7F}.Release|win32.Build.0 = Release|win32
		{1AB362CE-2BD6-3C57-9577-FCA42936BB7F}.RelWithDebInfo|win32.ActiveCfg = RelWithDebInfo|win32
		{1AB362CE-2BD6-3C57-9577-FCA42936BB7F}.RelWithDebInfo|win32.Build.0 = RelWithDebInfo|win32
		{CF89308A-54D2-37E5-8AC5-03FB5EDBBFB6}.Debug|win32.ActiveCfg = Debug|win32
		{CF89308A-54D2-37E5-8AC5-03FB5EDBBFB6}.Debug|win32.Build.0 = Debug|win32
		{CF89308A-54D2-37E5-8AC5-03FB5EDBBFB6}.Release|win32.ActiveCfg = Release|win32
		{CF89308A-54D2-37E5-8AC5-03FB5EDBBFB6}.Release|win32.Build.0 = Release|win32
		{CF89308A-54D2-37E5-8AC5-03FB5EDBBFB6}.RelWithDebInfo|win32.ActiveCfg = RelWithDebInfo|win32
		{CF89308A-54D2-37E5-8AC5-03FB5EDBBFB6}.RelWithDebInfo|win32.Build.0 = RelWithDebInfo|win32
		{C75592A5-5C9C-375C-84D9-7655C1A33AB9}.Debug|win32.ActiveCfg = Debug|win32
		{C75592A5-5C9C-375C-84D9-7655C1A33AB9}.Debug|win32.Build.0 = Debug|win32
		{C75592A5-5C9C-375C-84D9-7655C1A33AB9}.Release|win32.ActiveCfg = Release|win32
		{C75592A5-5C9C-375C-84D9-7655C1A33AB9}.Release|win32.Build.0 = Release|win32
		{C75592A5-5C9C-375C-84D9-7655C1A33AB9}.RelWithDebInfo|win32.ActiveCfg = RelWithDebInfo|win32
		{C75592A5-5C9C-375C-84D9-7655C1A33AB9}.RelWithDebInfo|win32.Build.0 = RelWithDebInfo|win32
		{EA6EDB80-549A-3CB7-A16A-532C4215271A}.Debug|win32.ActiveCfg = Debug|win32
		{EA6EDB80-549A-3CB7-A16A-532C4215271A}.Debug|win32.Build.0 = Debug|win32
		{EA6EDB80-549A-3CB7-A16A-532C4215271A}.Release|win32.ActiveCfg = Release|win32
		{EA6EDB80-549A-3CB7-A16A-532C4215271A}.Release|win32.Build.0 = Release|win32
		{EA6EDB80-549A-3CB7-A16A-532C4215271A}.RelWithDebInfo|win32.ActiveCfg = RelWithDebInfo|win32
		{EA6EDB80-549A-3CB7-A16A-532C4215271A}.RelWithDebInfo|win32.Build.0 = RelWithDebInfo|win32
		{9A9229C0-ED74-3232-9708-A2CC4C0C9151}.Debug|win32.ActiveCfg = Debug|win32
		{9A9229C0-ED74-3232-9708-A2CC4C0C9151}.Debug|win32.Build.0 = Debug|win32
		{9A9229C0-ED74-3232-9708-A2CC4C0C9151}.Release|win32.ActiveCfg = Release|win32
		{9A9229C0-ED74-3232-9708-A2CC4C0C9151}.Release|win32.Build.0 = Release|win32
		{9A9229C0-ED74-3232-9708-A2CC4C0C9151}.RelWithDebInfo|win32.ActiveCfg = RelWithDebInfo|win32
		{9A9229C0-ED74-3232-9708-A2CC4C0C9151}.RelWithDebInfo|win32.Build.0 = RelWithDebInfo|win32
		{83A9977B-F99D-3699-9932-8A3DCC0AC073}.Debug|win32.ActiveCfg = Debug|win32
		{83A9977B-F99D-3699-9932-8A3DCC0AC073}.Debug|win32.Build.0 = Debug|win32
		{83A9977B-F99D-3699-9932-8A3DCC0AC073}.Release|win32.ActiveCfg = Release|win32
		{83A9977B-F99D-3699-9932-8A3DCC0AC073}.Release|win32.Build.0 = Release|win32
		{83A9977B-F99D-3699-9932-8A3DCC0AC073}.RelWithDebInfo|win32.ActiveCfg = RelWithDebInfo|win32
		{83A9977B-F99D-3699-9932-8A3DCC0AC073}.RelWithDebInfo|win32.Build.0 = RelWithDebInfo|win32
		{292FF87F-EFCB-3EBB-B499-A3540645DE02}.Debug|win32.ActiveCfg = Debug|win32
		{292FF87F-EFCB-3EBB-B499-A3540645DE02}.Debug|win32.Build.0 = Debug|win32
		{292FF87F-EFCB-3EBB-B499-A3540645DE02}.Release|win32.ActiveCfg = Release|win32
		{292FF87F-EFCB-3EBB-B499-A3540645DE02}.Release|win32.Build.0 = Release|win32
		{292FF87F-EFCB-3EBB-B499-A3540645DE02}.RelWithDebInfo|win32.ActiveCfg = RelWithDebInfo|win32
		{292FF87F-EFCB-3EBB-B499-A3540645DE02}.RelWithDebInfo|win32.Build.0 = RelWithDebInfo|win32
		{B48D6497-01C0-3ED1-9C3B-9B24D11AF21D}.Debug|win32.ActiveCfg = Debug|win32
		{B48D6497-01C0-3ED1-9C3B-9B24D11AF21D}.Debug|win32.Build.0 = Debug|win32
		{B48D6497-01C0-3ED1-9C3B-9B24D11AF21D}.Release|win32.ActiveCfg = Release|win32
		{B48D6497-01C0-3ED1-9C3B-9B24D11AF21D}.Release|win32.Build.0 = Release|win32
		{B48D6497-01C0-3ED1-9C3B-9B24D11AF21D}.RelWithDebInfo|win32.ActiveCfg = RelWithDebInfo|win32
		{B48D6497-01C0-3ED1-9C3B-9B24D11AF21D}.RelWithDebInfo|win32.Build.0 = RelWithDebInfo|win32
		{A4BEBCDB-07D0-3993-BC23-854E26CB2A0F}.Debug|win32.ActiveCfg = Debug|win32
		{A4BEBCDB-07D0-3993-BC23-854E26CB2A0F}.Debug|win32.Build.0 = Debug|win32
		{A4BEBCDB-07D0-3993-BC23-854E26CB2A0F}.Release|win32.ActiveCfg = Release|win32
		{A4BEBCDB-07D0-3993-BC23-854E26CB2A0F}.Release|win32.Build.0 = Release|win32
		{A4BEBCDB-07D0-3993-BC23-854E26CB2A0F}.RelWithDebInfo|win32.ActiveCfg = RelWithDebInfo|win32
		{A4BEBCDB-07D0-3993-BC23-854E26CB2A0F}.RelWithDebInfo|win32.Build.0 = RelWithDebInfo|win32
		{53CC9C8A-7CDE-3A20-B3CC-CCDD0F134B73}.Debug|win32.ActiveCfg = Debug|win32
		{53CC9C8A-7CDE-3A20-B3CC-CCDD0F134B73}.Debug|win32.Build.0 = Debug|win32
		{53CC9C8A-7CDE-3A20-B3CC-CCDD0F134B73}.Release|win32.ActiveCfg = Release|win32
		{53CC9C8A-7CDE-3A20-B3CC-CCDD0F134B73}.Release|win32.Build.0 = Release|win32
		{53CC9C8A-7CDE-3A20-B3CC-CCDD0F134B73}.RelWithDebInfo|win32.ActiveCfg = RelWithDebInfo|win32
		{53CC9C8A-7CDE-3A20-B3CC-CCDD0F134B73}.RelWithDebInfo|win32.Build.0 = RelWithDebInfo|win32
		{9211059A-7B7D-37E6-AE9D-B20CE4B47976}.Debug|win32.ActiveCfg = Debug|win32
		{9211059A-7B7D-37E6-AE9D-B20CE4B47976}.Debug|win32.Build.0 = Debug|win32
		{9211059A-7B7D-37E6-AE9D-B20CE4B47976}.Release|win32.ActiveCfg = Release|win32
		{9211059A-7B7D-37E6-AE9D-B20CE4B47976}.Release|win32.Build.0 = Release|win32
		{9211059A-7B7D-37E6-AE9D-B20CE4B47976}.RelWithDebInfo|win32.ActiveCfg = RelWithDebInfo|win32
		{9211059A-7B7D-37E6-AE9D-B20CE4B47976}.RelWithDebInfo|win32.Build.0 = RelWithDebInfo|win32
		{EB50C2AC-AFF0-31FF-88D9-BA514021A6D2}.Debug|win32.ActiveCfg = Debug|win32
		{EB50C2AC-AFF0-31FF-88D9-BA514021A6D2}.Debug|win32.Build.0 = Debug|win32
		{EB50C2AC-AFF0-31FF-88D9-BA514021A6D2}.Release|win32.ActiveCfg = Release|win32
		{EB50C2AC-AFF0-31FF-88D9-BA514021A6D2}.Release|win32.Build.0 = Release|win32
		{EB50C2AC-AFF0-31FF-88D9-BA514021A6D2}.RelWithDebInfo|win32.ActiveCfg = RelWithDebInfo|win32
		{EB50C2AC-AFF0-31FF-88D9-BA514021A6D2}.RelWithDebInfo|win32.Build.0 = RelWithDebInfo|win32
		{C3BDAF46-27C2-38D7-80E2-0ACE1AE9520A}.Debug|win32.ActiveCfg = Debug|win32
		{C3BDAF46-27C2-38D7-80E2-0ACE1AE9520A}.Debug|win32.Build.0 = Debug|win32
		{C3BDAF46-27C2-38D7-80E2-0ACE1AE9520A}.Release|win32.ActiveCfg = Release|win32
		{C3BDAF46-27C2-38D7-80E2-0ACE1AE9520A}.Release|win32.Build.0 = Release|win32
		{C3BDAF46-27C2-38D7-80E2-0ACE1AE9520A}.RelWithDebInfo|win32.ActiveCfg = RelWithDebInfo|win32
		{C3BDAF46-27C2-38D7-80E2-0ACE1AE9520A}.RelWithDebInfo|win32.Build.0 = RelWithDebInfo|win32
		{EE75417E-DD99-3162-B3E0-DE8F858C2EC6}.Debug|win32.ActiveCfg = Debug|win32
		{EE75417E-DD99-3162-B3E0-DE8F858C2EC6}.Debug|win32.Build.0 = Debug|win32
		{EE75417E-DD99-3162-B3E0-DE8F858C2EC6}.Release|win32.ActiveCfg = Release|win32
		{EE75417E-DD99-3162-B3E0-DE8F858C2EC6}.Release|win32.Build.0 = Release|win32
		{EE75417E-DD99-3162-B3E0-DE8F858C2EC6}.RelWithDebInfo|win32.ActiveCfg = RelWithDebInfo|win32
		{EE75417E-DD99-3162-B3E0-DE8F858C2EC6}.RelWithDebInfo|win32.Build.0 = RelWithDebInfo|win32
		{D2B2937A-A37D-3D6B-922C-8A72FADB515A}.Debug|win32.ActiveCfg = Debug|win32
		{D2B2937A-A37D-3D6B-922C-8A72FADB515A}.Debug|win32.Build.0 = Debug|win32
		{D2B2937A-A37D-3D6B-922C-8A72FADB515A}.Release|win32.ActiveCfg = Release|win32
		{D2B2937A-A37D-3D6B-922C-8A72FADB515A}.Release|win32.Build.0 = Release|win32
		{D2B2937A-A37D-3D6B-922C-8A72FADB515A}.RelWithDebInfo|win32.ActiveCfg = RelWithDebInfo|win32
		{D2B2937A-A37D-3D6B-922C-8A72FADB515A}.RelWithDebInfo|win32.Build.0 = RelWithDebInfo|win32
		{E22450ED-A9CF-39BF-89DE-6A28B02423E5}.Debug|win32.ActiveCfg = Debug|win32
		{E22450ED-A9CF-39BF-89DE-6A28B02423E5}.Debug|win32.Build.0 = Debug|win32
		{E22450ED-A9CF-39BF-89DE-6A28B02423E5}.Release|win32.ActiveCfg = Release|win32
		{E22450ED-A9CF-39BF-89DE-6A28B02423E5}.Release|win32.Build.0 = Release|win32
		{E22450ED-A9CF-39BF-89DE-6A28B02423E5}.RelWithDebInfo|win32.ActiveCfg = RelWithDebInfo|win32
		{E22450ED-A9CF-39BF-89DE-6A28B02423E5}.RelWithDebInfo|win32.Build.0 = RelWithDebInfo|win32
		{4629FA8A-F5A7-320D-B845-AC839C8807A5}.Debug|win32.ActiveCfg = Debug|win32
		{4629FA8A-F5A7-320D-B845-AC839C8807A5}.Debug|win32.Build.0 = Debug|win32
		{4629FA8A-F5A7-320D-B845-AC839C8807A5}.Release|win32.ActiveCfg = Release|win32
		{4629FA8A-F5A7-320D-B845-AC839C8807A5}.Release|win32.Build.0 = Release|win32
		{4629FA8A-F5A7-320D-B845-AC839C8807A5}.RelWithDebInfo|win32.ActiveCfg = RelWithDebInfo|win32
		{4629FA8A-F5A7-320D-B845-AC839C8807A5}.RelWithDebInfo|win32.Build.0 = RelWithDebInfo|win32
		{87027D36-AB9D-32B2-98B7-3770B8D72187}.Debug|win32.ActiveCfg = Debug|win32
		{87027D36-AB9D-32B2-98B7-3770B8D72187}.Debug|win32.Build.0 = Debug|win32
		{87027D36-AB9D-32B2-98B7-3770B8D72187}.Release|win32.ActiveCfg = Release|win32
		{87027D36-AB9D-32B2-98B7-3770B8D72187}.Release|win32.Build.0 = Release|win32
		{87027D36-AB9D-32B2-98B7-3770B8D72187}.RelWithDebInfo|win32.ActiveCfg = RelWithDebInfo|win32
		{87027D36-AB9D-32B2-98B7-3770B8D72187}.RelWithDebInfo|win32.Build.0 = RelWithDebInfo|win32
		{6E435477-EEF7-3ED9-96A3-DC6DAB9851AC}.Debug|win32.ActiveCfg = Debug|win32
		{6E435477-EEF7-3ED9-96A3-DC6DAB9851AC}.Debug|win32.Build.0 = Debug|win32
		{6E435477-EEF7-3ED9-96A3-DC6DAB9851AC}.Release|win32.ActiveCfg = Release|win32
		{6E435477-EEF7-3ED9-96A3-DC6DAB9851AC}.Release|win32.Build.0 = Release|win32
		{6E435477-EEF7-3ED9-96A3-DC6DAB9851AC}.RelWithDebInfo|win32.ActiveCfg = RelWithDebInfo|win32
		{6E435477-EEF7-3ED9-96A3-DC6DAB9851AC}.RelWithDebInfo|win32.Build.0 = RelWithDebInfo|win32
		{1C9C99A0-12A7-3621-8311-91072DBD8BB0}.Debug|win32.ActiveCfg = Debug|win32
		{1C9C99A0-12A7-3621-8311-91072DBD8BB0}.Debug|win32.Build.0 = Debug|win32
		{1C9C99A0-12A7-3621-8311-91072DBD8BB0}.Release|win32.ActiveCfg = Release|win32
		{1C9C99A0-12A7-3621-8311-91072DBD8BB0}.Release|win32.Build.0 = Release|win32
		{1C9C99A0-12A7-3621-8311-91072DBD8BB0}.RelWithDebInfo|win32.ActiveCfg = RelWithDebInfo|win32
		{1C9C99A0-12A7-3621-8311-91072DBD8BB0}.RelWithDebInfo|win32.Build.0 = RelWithDebInfo|win32
		{59C06D00-1316-3C1A-9294-749502A093B3}.Debug|win32.ActiveCfg = Debug|win32
		{59C06D00-1316-3C1A-9294-749502A093B3}.Debug|win32.Build.0 = Debug|win32
		{59C06D00-1316-3C1A-9294-749502A093B3}.Release|win32.ActiveCfg = Release|win32
		{59C06D00-1316-3C1A-9294-749502A093B3}.Release|win32.Build.0 = Release|win32
		{59C06D00-1316-3C1A-9294-749502A093B3}.RelWithDebInfo|win32.ActiveCfg = RelWithDebInfo|win32
		{59C06D00-1316-3C1A-9294-749502A093B3}.RelWithDebInfo|win32.Build.0 = RelWithDebInfo|win32
		{BF63F64F-2910-3EA9-9423-519A27EDCE38}.Debug|win32.ActiveCfg = Debug|win32
		{BF63F64F-2910-3EA9-9423-519A27EDCE38}.Debug|win32.Build.0 = Debug|win32
		{BF63F64F-2910-3EA9-9423-519A27EDCE38}.Release|win32.ActiveCfg = Release|win32
		{BF63F64F-2910-3EA9-9423-519A27EDCE38}.Release|win32.Build.0 = Release|win32
		{BF63F64F-2910-3EA9-9423-519A27EDCE38}.RelWithDebInfo|win32.ActiveCfg = RelWithDebInfo|win32
		{BF63F64F-2910-3EA9-9423-519A27EDCE38}.RelWithDebInfo|win32.Build.0 = RelWithDebInfo|win32
		{3B2C2588-B7E3-3EE0-8688-D0747BE876BB}.Debug|win32.ActiveCfg = Debug|win32
		{3B2C2588-B7E3-3EE0-8688-D0747BE876BB}.Release|win32.ActiveCfg = Release|win32
		{3B2C2588-B7E3-3EE0-8688-D0747BE876BB}.RelWithDebInfo|win32.ActiveCfg = RelWithDebInfo|win32
		{757BCE44-78C0-39CA-83C4-3C1359A669F4}.Debug|win32.ActiveCfg = Debug|win32
		{757BCE44-78C0-39CA-83C4-3C1359A669F4}.Debug|win32.Build.0 = Debug|win32
		{757BCE44-78C0-39CA-83C4-3C1359A669F4}.Release|win32.ActiveCfg = Release|win32
		{757BCE44-78C0-39CA-83C4-3C1359A669F4}.Release|win32.Build.0 = Release|win32
		{757BCE44-78C0-39CA-83C4-3C1359A669F4}.RelWithDebInfo|win32.ActiveCfg = RelWithDebInfo|win32
		{757BCE44-78C0-39CA-83C4-3C1359A669F4}.RelWithDebInfo|win32.Build.0 = RelWithDebInfo|win32
		{986F5939-7FF7-3723-9515-02A93844C197}.Debug|win32.ActiveCfg = Debug|win32
		{986F5939-7FF7-3723-9515-02A93844C197}.Debug|win32.Build.0 = Debug|win32
		{986F5939-7FF7-3723-9515-02A93844C197}.Release|win32.ActiveCfg = Release|win32
		{986F5939-7FF7-3723-9515-02A93844C197}.Release|win32.Build.0 = Release|win32
		{986F5939-7FF7-3723-9515-02A93844C197}.RelWithDebInfo|win32.ActiveCfg = RelWithDebInfo|win32
		{986F5939-7FF7-3723-9515-02A93844C197}.RelWithDebInfo|win32.Build.0 = RelWithDebInfo|win32
	EndGlobalSection
	GlobalSection(NestedProjects) = preSolution
		{83B1F146-6D03-3C9C-B053-08E1C2734CC5} = {46EE04EE-26FB-34FB-9675-CE7604489142}
		{DDDC31F5-8054-3DF8-81CA-B76223179108} = {46EE04EE-26FB-34FB-9675-CE7604489142}
		{D6CDA697-F3FB-390B-BD78-C0986894CA6E} = {46EE04EE-26FB-34FB-9675-CE7604489142}
		{5F4E1FB8-E115-30F6-BCB0-78EA3AFD8D0E} = {DCC838B2-A008-3711-9B1F-A046F38CD59E}
		{E0D94EE6-2AE0-3130-99B4-9164AFA7A5B8} = {DCC838B2-A008-3711-9B1F-A046F38CD59E}
		{CD744C17-1312-38A8-BC68-9375DF5608CE} = {DCC838B2-A008-3711-9B1F-A046F38CD59E}
		{ACCCB4F0-A923-3E59-9096-7AEF5C218F55} = {D7821CDB-9AB0-364F-BF2C-4B6DC812BE28}
		{46D3C5DF-46BB-3025-9268-C746230FD57F} = {D7821CDB-9AB0-364F-BF2C-4B6DC812BE28}
		{134A972E-4DF8-3BA6-B4D7-652290020EAE} = {D7821CDB-9AB0-364F-BF2C-4B6DC812BE28}
		{25407538-6C28-3A08-96A3-7DC21BA67EDA} = {D7821CDB-9AB0-364F-BF2C-4B6DC812BE28}
		{81BEA5A7-B10C-3F94-8953-2006BA5E449D} = {D7821CDB-9AB0-364F-BF2C-4B6DC812BE28}
		{04171F59-9A71-3C93-A71C-1D66A9B05A0C} = {D7821CDB-9AB0-364F-BF2C-4B6DC812BE28}
		{8670ACF6-8F08-33EA-B91D-507A78CBDB36} = {D7821CDB-9AB0-364F-BF2C-4B6DC812BE28}
		{142CA677-1158-3255-B5F1-EB803C928EA8} = {D7821CDB-9AB0-364F-BF2C-4B6DC812BE28}
		{4B9118D4-2215-3700-947F-44C25A1E3F88} = {D7821CDB-9AB0-364F-BF2C-4B6DC812BE28}
		{DA2524FC-D9DB-3CA4-B018-78FF33BAC7F1} = {D7821CDB-9AB0-364F-BF2C-4B6DC812BE28}
		{4679A5AE-591E-330B-A20B-7DD4E75A779F} = {D7821CDB-9AB0-364F-BF2C-4B6DC812BE28}
		{68F16012-A2E2-3F51-BF94-E042589290E8} = {D7821CDB-9AB0-364F-BF2C-4B6DC812BE28}
		{3E71577B-BC39-39BB-A745-124F925C5452} = {D7821CDB-9AB0-364F-BF2C-4B6DC812BE28}
		{33A5ED17-51C6-300C-A685-6135D2840512} = {D7821CDB-9AB0-364F-BF2C-4B6DC812BE28}
		{A5DD2675-B402-3B71-BDE3-7F4B0C17C845} = {D7821CDB-9AB0-364F-BF2C-4B6DC812BE28}
		{FC3BDFFE-A773-346E-9565-64F47F067B9A} = {D7821CDB-9AB0-364F-BF2C-4B6DC812BE28}
		{624852B1-4356-3489-9779-A3E853B7FF19} = {D7821CDB-9AB0-364F-BF2C-4B6DC812BE28}
		{AD223C3A-26AB-38BA-A875-57834A9D7249} = {D7821CDB-9AB0-364F-BF2C-4B6DC812BE28}
		{3934BD1C-D455-3058-BDF3-8418101D8E83} = {D7821CDB-9AB0-364F-BF2C-4B6DC812BE28}
		{B00A0AF3-CA35-3772-AE64-E9236C3D6B74} = {D7821CDB-9AB0-364F-BF2C-4B6DC812BE28}
		{29857AFC-699A-35D8-87FF-FB2A043693FD} = {D7821CDB-9AB0-364F-BF2C-4B6DC812BE28}
		{5918A170-93B7-3FFF-BC11-D70BC192E913} = {D7821CDB-9AB0-364F-BF2C-4B6DC812BE28}
		{1FA77D53-A66B-322F-B82C-3F65BBA22DF9} = {D7821CDB-9AB0-364F-BF2C-4B6DC812BE28}
		{5365AC13-434A-3FD1-AF2E-5CD02BC0989E} = {D7821CDB-9AB0-364F-BF2C-4B6DC812BE28}
		{1542AD5D-C0C3-3329-AA96-B4ED5E2F1203} = {D7821CDB-9AB0-364F-BF2C-4B6DC812BE28}
		{AD10F7B1-8E65-31A7-BA0A-90DCD7F211BF} = {D7821CDB-9AB0-364F-BF2C-4B6DC812BE28}
		{1AB362CE-2BD6-3C57-9577-FCA42936BB7F} = {D7821CDB-9AB0-364F-BF2C-4B6DC812BE28}
		{CF89308A-54D2-37E5-8AC5-03FB5EDBBFB6} = {D7821CDB-9AB0-364F-BF2C-4B6DC812BE28}
		{9A9229C0-ED74-3232-9708-A2CC4C0C9151} = {D7821CDB-9AB0-364F-BF2C-4B6DC812BE28}
		{292FF87F-EFCB-3EBB-B499-A3540645DE02} = {D7821CDB-9AB0-364F-BF2C-4B6DC812BE28}
		{53CC9C8A-7CDE-3A20-B3CC-CCDD0F134B73} = {D7821CDB-9AB0-364F-BF2C-4B6DC812BE28}
		{EB50C2AC-AFF0-31FF-88D9-BA514021A6D2} = {D7821CDB-9AB0-364F-BF2C-4B6DC812BE28}
		{C3BDAF46-27C2-38D7-80E2-0ACE1AE9520A} = {D7821CDB-9AB0-364F-BF2C-4B6DC812BE28}
		{EE75417E-DD99-3162-B3E0-DE8F858C2EC6} = {D7821CDB-9AB0-364F-BF2C-4B6DC812BE28}
		{D2B2937A-A37D-3D6B-922C-8A72FADB515A} = {D7821CDB-9AB0-364F-BF2C-4B6DC812BE28}
		{E22450ED-A9CF-39BF-89DE-6A28B02423E5} = {D7821CDB-9AB0-364F-BF2C-4B6DC812BE28}
		{4629FA8A-F5A7-320D-B845-AC839C8807A5} = {D7821CDB-9AB0-364F-BF2C-4B6DC812BE28}
		{87027D36-AB9D-32B2-98B7-3770B8D72187} = {D7821CDB-9AB0-364F-BF2C-4B6DC812BE28}
		{6E435477-EEF7-3ED9-96A3-DC6DAB9851AC} = {D7821CDB-9AB0-364F-BF2C-4B6DC812BE28}
		{1C9C99A0-12A7-3621-8311-91072DBD8BB0} = {D7821CDB-9AB0-364F-BF2C-4B6DC812BE28}
		{757BCE44-78C0-39CA-83C4-3C1359A669F4} = {D7821CDB-9AB0-364F-BF2C-4B6DC812BE28}
		{986F5939-7FF7-3723-9515-02A93844C197} = {D7821CDB-9AB0-364F-BF2C-4B6DC812BE28}
		{352EBFBA-3810-3082-9BD5-60B873A04090} = {25407538-6C28-3A08-96A3-7DC21BA67EDA}
		{EA6EDB80-549A-3CB7-A16A-532C4215271A} = {25407538-6C28-3A08-96A3-7DC21BA67EDA}
		{B48D6497-01C0-3ED1-9C3B-9B24D11AF21D} = {25407538-6C28-3A08-96A3-7DC21BA67EDA}
		{A4BEBCDB-07D0-3993-BC23-854E26CB2A0F} = {25407538-6C28-3A08-96A3-7DC21BA67EDA}
		{9211059A-7B7D-37E6-AE9D-B20CE4B47976} = {25407538-6C28-3A08-96A3-7DC21BA67EDA}
		{59C06D00-1316-3C1A-9294-749502A093B3} = {25407538-6C28-3A08-96A3-7DC21BA67EDA}
		{BF63F64F-2910-3EA9-9423-519A27EDCE38} = {25407538-6C28-3A08-96A3-7DC21BA67EDA}
		{8DC26617-2C85-386F-A94A-868E180B6E6F} = {6BC17B5A-12CE-3596-B469-77A84B103495}
		{5C00B718-E9ED-3E88-930F-0DDB0C10BF89} = {6BC17B5A-12CE-3596-B469-77A84B103495}
		{8C81285C-74FF-357A-BCD3-C693E4BE2645} = {6BC17B5A-12CE-3596-B469-77A84B103495}
		{14128943-4B29-31D7-BF1C-EB88E503012C} = {6BC17B5A-12CE-3596-B469-77A84B103495}
		{71416E4E-954E-3372-BD74-BACFFA291093} = {6BC17B5A-12CE-3596-B469-77A84B103495}
		{DE23D058-F223-3548-AA98-B88B9DAC3E16} = {6BC17B5A-12CE-3596-B469-77A84B103495}
		{8CA266C8-31DF-3530-9BBE-DDE287E8AAFA} = {6BC17B5A-12CE-3596-B469-77A84B103495}
		{218FEBDE-85A5-31A9-A2EE-7DFFDF9A051B} = {6BC17B5A-12CE-3596-B469-77A84B103495}
		{8754D7BB-B716-32EC-A4AB-8A3F66F1A9DD} = {6BC17B5A-12CE-3596-B469-77A84B103495}
		{C75592A5-5C9C-375C-84D9-7655C1A33AB9} = {6BC17B5A-12CE-3596-B469-77A84B103495}
		{15F98999-601D-3D38-B176-33F64370A16C} = {393F65AF-F886-3868-8365-2A83529BBF33}
		{578C7613-92EF-3981-8117-9BF5C8581CEF} = {393F65AF-F886-3868-8365-2A83529BBF33}
		{56B84C38-A259-334A-9488-AAB4F94F0313} = {393F65AF-F886-3868-8365-2A83529BBF33}
		{940AA3F5-A7DA-3B3C-9E75-8E2ABD23346A} = {393F65AF-F886-3868-8365-2A83529BBF33}
		{83A9977B-F99D-3699-9932-8A3DCC0AC073} = {393F65AF-F886-3868-8365-2A83529BBF33}
	EndGlobalSection
	GlobalSection(ExtensibilityGlobals) = postSolution
		SolutionGuid = {DAF13F37-A801-3688-BE82-8373CBD2533E}
	EndGlobalSection
	GlobalSection(ExtensibilityAddIns) = postSolution
	EndGlobalSection
EndGlobal
